
Microsoft Visual Studio Solution File, Format Version 12.00
# Visual Studio Version 17
VisualStudioVersion = 17.0.31903.59
MinimumVisualStudioVersion = 10.0.40219.1
Project("{9A19103F-16F7-4668-BE54-9A1E7A4F7556}") = "Lumina.Application", "Lumina.Application\Lumina.Application.csproj", "{7B2671B3-E9C5-41AD-BB0C-692238558197}"
EndProject
Project("{9A19103F-16F7-4668-BE54-9A1E7A4F7556}") = "Lumina.DataAccess", "Lumina.DataAccess\Lumina.DataAccess.csproj", "{7FEA2A01-1660-4D18-B05D-83D356FD7828}"
EndProject
Project("{9A19103F-16F7-4668-BE54-9A1E7A4F7556}") = "Lumina.Domain", "Lumina.Domain\Lumina.Domain.csproj", "{9FF9D5FA-1D0C-4743-87E3-CC8C08694CAC}"
EndProject
Project("{9A19103F-16F7-4668-BE54-9A1E7A4F7556}") = "Lumina.Infrastructure", "Lumina.Infrastructure\Lumina.Infrastructure.csproj", "{D43E63EA-2210-471E-BFED-D1D33D196554}"
EndProject
Project("{9A19103F-16F7-4668-BE54-9A1E7A4F7556}") = "Lumina.Presentation.Api", "Lumina.Presentation.Api\Lumina.Presentation.Api.csproj", "{7A49A922-127C-4786-84B7-53E64D816336}"
EndProject
Project("{9A19103F-16F7-4668-BE54-9A1E7A4F7556}") = "Lumina.Application.UnitTests", "..\tests\UnitTests\Lumina.Application.UnitTests\Lumina.Application.UnitTests.csproj", "{4DEA94AF-D592-4187-8850-A569C93256C9}"
EndProject
Project("{9A19103F-16F7-4668-BE54-9A1E7A4F7556}") = "Lumina.Infrastructure.UnitTests", "..\tests\UnitTests\Lumina.Infrastructure.UnitTests\Lumina.Infrastructure.UnitTests.csproj", "{8DB5300A-B38A-4F6D-8FF7-A722DA47667E}"
EndProject
Project("{9A19103F-16F7-4668-BE54-9A1E7A4F7556}") = "Lumina.DataAccess.UnitTests", "..\tests\UnitTests\Lumina.DataAccess.UnitTests\Lumina.DataAccess.UnitTests.csproj", "{6050F6A9-F136-4B7B-82D2-57E689463ACA}"
EndProject
Project("{9A19103F-16F7-4668-BE54-9A1E7A4F7556}") = "Lumina.Domain.UnitTests", "..\tests\UnitTests\Lumina.Domain.UnitTests\Lumina.Domain.UnitTests.csproj", "{3BB42EB9-A0A3-4E3F-9053-785F429714AE}"
EndProject
Project("{9A19103F-16F7-4668-BE54-9A1E7A4F7556}") = "Lumina.Presentation.Api.UnitTests", "..\tests\UnitTests\Lumina.Presentation.Api.UnitTests\Lumina.Presentation.Api.UnitTests.csproj", "{4D5E4789-8437-4F3B-883E-28BBF8A4848F}"
EndProject
Project("{2150E333-8FDC-42A3-9474-1A3956D46DE8}") = "src", "src", "{3C316ABB-08D5-4450-9A4E-91059DB54254}"
EndProject
Project("{2150E333-8FDC-42A3-9474-1A3956D46DE8}") = "tests", "tests", "{16E590D3-DD9F-4B45-BF19-C6E317A57D11}"
EndProject
Project("{2150E333-8FDC-42A3-9474-1A3956D46DE8}") = "UnitTests", "UnitTests", "{53B1231B-37F5-44BA-80D5-DBA979775F5C}"
EndProject
Project("{2150E333-8FDC-42A3-9474-1A3956D46DE8}") = "docs", "docs", "{ACD16983-F1BD-4A92-B282-95BA8C456F6A}"
	ProjectSection(SolutionItems) = preProject
		..\docs\CONTRIBUTING.md = ..\docs\CONTRIBUTING.md
		..\docs\INSTALL.md = ..\docs\INSTALL.md
		..\LICENSE.md = ..\LICENSE.md
		..\README.md = ..\README.md
		..\docs\SOURCES.md = ..\docs\SOURCES.md
		..\docs\USAGE.md = ..\docs\USAGE.md
	EndProjectSection
EndProject
Project("{2150E333-8FDC-42A3-9474-1A3956D46DE8}") = "technical", "technical", "{0C0E5A56-AD29-4D0B-AB87-E865F8B933E2}"
EndProject
Project("{2150E333-8FDC-42A3-9474-1A3956D46DE8}") = "api", "api", "{B045C2EC-3ACB-47D3-BE62-7AC334B023D9}"
	ProjectSection(SolutionItems) = preProject
		..\docs\technical\api\Api.Book.md = ..\docs\technical\api\Api.Book.md
	EndProjectSection
EndProject
Project("{2150E333-8FDC-42A3-9474-1A3956D46DE8}") = "domain", "domain", "{4F8D14A3-A465-4EC2-B175-A188B113AB99}"
	ProjectSection(SolutionItems) = preProject
		..\docs\technical\domain\Aggregates.FileSystemManagement.md = ..\docs\technical\domain\Aggregates.FileSystemManagement.md
		..\docs\technical\domain\Aggregates.VideoLibrary.md = ..\docs\technical\domain\Aggregates.VideoLibrary.md
		..\docs\technical\domain\Aggregates.WrittenContentLibrary.md = ..\docs\technical\domain\Aggregates.WrittenContentLibrary.md
		..\docs\technical\domain\Common.Metadata.md = ..\docs\technical\domain\Common.Metadata.md
		..\docs\technical\domain\Domain.md = ..\docs\technical\domain\Domain.md
		..\docs\technical\domain\UbiquitousLanguage.md = ..\docs\technical\domain\UbiquitousLanguage.md
	EndProjectSection
EndProject
Project("{2150E333-8FDC-42A3-9474-1A3956D46DE8}") = "requests", "requests", "{C17A1188-FA69-42BC-92E6-4F91D31B3A58}"
	ProjectSection(SolutionItems) = preProject
		..\docs\technical\requests\http-client.env.json = ..\docs\technical\requests\http-client.env.json
	EndProjectSection
EndProject
Project("{2150E333-8FDC-42A3-9474-1A3956D46DE8}") = "books", "books", "{FAFD9E43-508B-4F20-8AA2-8CADA697ED2D}"
	ProjectSection(SolutionItems) = preProject
		..\docs\technical\requests\books\Add.http = ..\docs\technical\requests\books\Add.http
		..\docs\technical\requests\books\GetAll.http = ..\docs\technical\requests\books\GetAll.http
	EndProjectSection
EndProject
Project("{2150E333-8FDC-42A3-9474-1A3956D46DE8}") = "IntegrationTests", "IntegrationTests", "{3F057926-562F-4EF4-BFC0-EE62372D4551}"
EndProject
Project("{9A19103F-16F7-4668-BE54-9A1E7A4F7556}") = "Lumina.Presentation.Api.IntegrationTests", "..\tests\IntegrationTests\Lumina.Presentation.Api.IntegrationTests\Lumina.Presentation.Api.IntegrationTests.csproj", "{3680DAFB-10BA-4A0F-AE40-620D06DAF617}"
EndProject
Project("{E53339B2-1760-4266-BCC7-CA923CBCF16C}") = "docker-compose", "docker-compose.dcproj", "{D4C61542-FC91-47FA-B1D2-11CC99617454}"
EndProject
Project("{9A19103F-16F7-4668-BE54-9A1E7A4F7556}") = "Lumina.Contracts", "Lumina.Contracts\Lumina.Contracts.csproj", "{6BD85BA8-B3C4-4D79-8858-F6D7676FF2CC}"
EndProject
Project("{2150E333-8FDC-42A3-9474-1A3956D46DE8}") = "Solution Items", "Solution Items", "{5DD47F82-699B-4E71-A10A-238E80EA5814}"
	ProjectSection(SolutionItems) = preProject
		..\.editorconfig = ..\.editorconfig
	EndProjectSection
EndProject
Project("{2150E333-8FDC-42A3-9474-1A3956D46DE8}") = "templates", "templates", "{A0D07244-9CB2-4E30-85A5-97D520E4B9CC}"
	ProjectSection(SolutionItems) = preProject
		..\docs\technical\templates\PULL_REQUEST_TEMPLATE.md = ..\docs\technical\templates\PULL_REQUEST_TEMPLATE.md
	EndProjectSection
EndProject
Project("{9A19103F-16F7-4668-BE54-9A1E7A4F7556}") = "Lumina.Presentation.Web", "Lumina.Presentation.Web\Lumina.Presentation.Web.csproj", "{613C74E8-720C-4205-8BA7-85B23D2E7881}"
EndProject
Project("{2150E333-8FDC-42A3-9474-1A3956D46DE8}") = "SecurityTests", "SecurityTests", "{8B06B1D2-80B9-490C-9A36-C7748F58B705}"
EndProject
Project("{9A19103F-16F7-4668-BE54-9A1E7A4F7556}") = "Lumina.Presentation.Api.SecurityTests", "..\tests\SecurityTests\Lumina.Presentation.Api.SecurityTests\Lumina.Presentation.Api.SecurityTests.csproj", "{F72DCA2D-0349-42F9-9614-92A38D4B1EA4}"
EndProject
Project("{2150E333-8FDC-42A3-9474-1A3956D46DE8}") = "users-management", "users-management", "{D1B39EFF-99E7-41B9-9DA1-12AF385FFBE8}"
	ProjectSection(SolutionItems) = preProject
		..\docs\technical\api\users-management\Api.Authentication.md = ..\docs\technical\api\users-management\Api.Authentication.md
		..\docs\technical\api\users-management\Api.Authorization.md = ..\docs\technical\api\users-management\Api.Authorization.md
	EndProjectSection
EndProject
Project("{2150E333-8FDC-42A3-9474-1A3956D46DE8}") = "users-management", "users-management", "{94C56402-0557-4941-BEB4-4AA53735CE89}"
EndProject
Project("{2150E333-8FDC-42A3-9474-1A3956D46DE8}") = "authentication", "authentication", "{3B057D42-7179-45CE-B813-3D13A658B43C}"
	ProjectSection(SolutionItems) = preProject
		..\docs\technical\requests\users-management\authentication\ChangePassword.http = ..\docs\technical\requests\users-management\authentication\ChangePassword.http
		..\docs\technical\requests\users-management\authentication\Login.http = ..\docs\technical\requests\users-management\authentication\Login.http
		..\docs\technical\requests\users-management\authentication\RecoverPassword.http = ..\docs\technical\requests\users-management\authentication\RecoverPassword.http
		..\docs\technical\requests\users-management\authentication\Register.http = ..\docs\technical\requests\users-management\authentication\Register.http
	EndProjectSection
EndProject
Project("{2150E333-8FDC-42A3-9474-1A3956D46DE8}") = "authorization", "authorization", "{CA023F42-0264-4E00-9814-76A48A811136}"
	ProjectSection(SolutionItems) = preProject
		..\docs\technical\requests\users-management\authorization\AddRole.http = ..\docs\technical\requests\users-management\authorization\AddRole.http
		..\docs\technical\requests\users-management\authorization\DeleteRole.http = ..\docs\technical\requests\users-management\authorization\DeleteRole.http
		..\docs\technical\requests\users-management\authorization\GetAuthorization.http = ..\docs\technical\requests\users-management\authorization\GetAuthorization.http
		..\docs\technical\requests\users-management\authorization\GetPermissions.http = ..\docs\technical\requests\users-management\authorization\GetPermissions.http
		..\docs\technical\requests\users-management\authorization\GetRolePermissions.http = ..\docs\technical\requests\users-management\authorization\GetRolePermissions.http
		..\docs\technical\requests\users-management\authorization\GetRoles.http = ..\docs\technical\requests\users-management\authorization\GetRoles.http
		..\docs\technical\requests\users-management\authorization\GetUserPermissions.http = ..\docs\technical\requests\users-management\authorization\GetUserPermissions.http
		..\docs\technical\requests\users-management\authorization\GetUserRole.http = ..\docs\technical\requests\users-management\authorization\GetUserRole.http
		..\docs\technical\requests\users-management\authorization\UpdateRole.http = ..\docs\technical\requests\users-management\authorization\UpdateRole.http
		..\docs\technical\requests\users-management\authorization\UpdateUserRoleAndPermissions.http = ..\docs\technical\requests\users-management\authorization\UpdateUserRoleAndPermissions.http
	EndProjectSection
EndProject
Project("{2150E333-8FDC-42A3-9474-1A3956D46DE8}") = "file-system-management", "file-system-management", "{2C55920F-0BCB-4C64-A1E6-56053F080806}"
EndProject
Project("{2150E333-8FDC-42A3-9474-1A3956D46DE8}") = "directories", "directories", "{FBD8915E-DFE2-4C16-8B47-64383AB0719D}"
	ProjectSection(SolutionItems) = preProject
		..\docs\technical\requests\file-system-management\directories\GetDirectories.http = ..\docs\technical\requests\file-system-management\directories\GetDirectories.http
	EndProjectSection
EndProject
Project("{2150E333-8FDC-42A3-9474-1A3956D46DE8}") = "drives", "drives", "{DB498346-5F46-49FC-B2E9-8239C56791FF}"
	ProjectSection(SolutionItems) = preProject
		..\docs\technical\requests\file-system-management\drives\GetDrives.http = ..\docs\technical\requests\file-system-management\drives\GetDrives.http
	EndProjectSection
EndProject
Project("{2150E333-8FDC-42A3-9474-1A3956D46DE8}") = "files", "files", "{DBBB9C44-F4E8-4A1B-8D00-5CACE81B8BE0}"
	ProjectSection(SolutionItems) = preProject
		..\docs\technical\requests\file-system-management\files\GetFiles.http = ..\docs\technical\requests\file-system-management\files\GetFiles.http
		..\docs\technical\requests\file-system-management\files\GetTreeFiles.http = ..\docs\technical\requests\file-system-management\files\GetTreeFiles.http
	EndProjectSection
EndProject
Project("{2150E333-8FDC-42A3-9474-1A3956D46DE8}") = "file-system", "file-system", "{42A27269-5C57-49E8-9AF0-F162807D7A95}"
	ProjectSection(SolutionItems) = preProject
		..\docs\technical\requests\file-system-management\file-system\GetType.http = ..\docs\technical\requests\file-system-management\file-system\GetType.http
	EndProjectSection
EndProject
Project("{2150E333-8FDC-42A3-9474-1A3956D46DE8}") = "path", "path", "{7675431D-8D8A-4148-AFA1-C4C17D71891B}"
	ProjectSection(SolutionItems) = preProject
		..\docs\technical\requests\file-system-management\path\CheckPathExists.http = ..\docs\technical\requests\file-system-management\path\CheckPathExists.http
		..\docs\technical\requests\file-system-management\path\CombinePath.http = ..\docs\technical\requests\file-system-management\path\CombinePath.http
		..\docs\technical\requests\file-system-management\path\GetPathParent.http = ..\docs\technical\requests\file-system-management\path\GetPathParent.http
		..\docs\technical\requests\file-system-management\path\GetPathRoot.http = ..\docs\technical\requests\file-system-management\path\GetPathRoot.http
		..\docs\technical\requests\file-system-management\path\GetPathSeparator.http = ..\docs\technical\requests\file-system-management\path\GetPathSeparator.http
		..\docs\technical\requests\file-system-management\path\SplitPath.http = ..\docs\technical\requests\file-system-management\path\SplitPath.http
		..\docs\technical\requests\file-system-management\path\ValidatePath.http = ..\docs\technical\requests\file-system-management\path\ValidatePath.http
	EndProjectSection
EndProject
Project("{2150E333-8FDC-42A3-9474-1A3956D46DE8}") = "thumbnails", "thumbnails", "{FC005908-27A7-4BDA-BD2A-B749A09727E0}"
	ProjectSection(SolutionItems) = preProject
		..\docs\technical\requests\file-system-management\thumbnails\GetThumbnail.http = ..\docs\technical\requests\file-system-management\thumbnails\GetThumbnail.http
	EndProjectSection
EndProject
Project("{2150E333-8FDC-42A3-9474-1A3956D46DE8}") = "file-system-management", "file-system-management", "{4DC31AC0-D305-4718-8FE1-C023AF6A7CA6}"
	ProjectSection(SolutionItems) = preProject
		..\docs\technical\api\file-system-management\Api.Directories.md = ..\docs\technical\api\file-system-management\Api.Directories.md
		..\docs\technical\api\file-system-management\Api.Drives.md = ..\docs\technical\api\file-system-management\Api.Drives.md
		..\docs\technical\api\file-system-management\Api.Files.md = ..\docs\technical\api\file-system-management\Api.Files.md
		..\docs\technical\api\file-system-management\Api.FileSystem.md = ..\docs\technical\api\file-system-management\Api.FileSystem.md
		..\docs\technical\api\file-system-management\Api.Path.md = ..\docs\technical\api\file-system-management\Api.Path.md
		..\docs\technical\api\file-system-management\Api.Thumbnails.md = ..\docs\technical\api\file-system-management\Api.Thumbnails.md
	EndProjectSection
EndProject
Project("{2150E333-8FDC-42A3-9474-1A3956D46DE8}") = "architecture", "architecture", "{D93CA337-37D5-4A42-86B5-0A2410594A7A}"
	ProjectSection(SolutionItems) = preProject
		..\docs\technical\architecture\1 system-context-diagram.puml = ..\docs\technical\architecture\1 system-context-diagram.puml
		..\docs\technical\architecture\1 system-context-diagram.svg = ..\docs\technical\architecture\1 system-context-diagram.svg
		..\docs\technical\architecture\2 container-diagram.puml = ..\docs\technical\architecture\2 container-diagram.puml
		..\docs\technical\architecture\2 container-diagram.svg = ..\docs\technical\architecture\2 container-diagram.svg
		..\docs\technical\architecture\3.1 component-web-client-diagram.puml = ..\docs\technical\architecture\3.1 component-web-client-diagram.puml
		..\docs\technical\architecture\3.1 component-web-client-diagram.svg = ..\docs\technical\architecture\3.1 component-web-client-diagram.svg
		..\docs\technical\architecture\3.2 component-api-server-diagram.puml = ..\docs\technical\architecture\3.2 component-api-server-diagram.puml
		..\docs\technical\architecture\3.2 component-api-server-diagram.svg = ..\docs\technical\architecture\3.2 component-api-server-diagram.svg
		..\docs\technical\architecture\4.1 code-media-library-scanning-diagram.puml = ..\docs\technical\architecture\4.1 code-media-library-scanning-diagram.puml
		..\docs\technical\architecture\4.1 code-media-library-scanning-diagram.svg = ..\docs\technical\architecture\4.1 code-media-library-scanning-diagram.svg
		..\docs\technical\architecture\4.2 code-book-reading-diagram.puml = ..\docs\technical\architecture\4.2 code-book-reading-diagram.puml
		..\docs\technical\architecture\4.2 code-book-reading-diagram.svg = ..\docs\technical\architecture\4.2 code-book-reading-diagram.svg
		..\docs\technical\architecture\4.3 code-scheduler-diagram.puml = ..\docs\technical\architecture\4.3 code-scheduler-diagram.puml
		..\docs\technical\architecture\4.3 code-scheduler-diagram.svg = ..\docs\technical\architecture\4.3 code-scheduler-diagram.svg
	EndProjectSection
EndProject
Project("{2150E333-8FDC-42A3-9474-1A3956D46DE8}") = "architecture-knowledge-management", "architecture-knowledge-management", "{70B56088-6D3A-481E-9459-79AC6B16FEC1}"
EndProject
Project("{2150E333-8FDC-42A3-9474-1A3956D46DE8}") = "architecture-decision-log", "architecture-decision-log", "{788FADE4-342D-4919-8E5C-10CA8EDBE954}"
	ProjectSection(SolutionItems) = preProject
		..\docs\technical\architecture\architecture-knowledge-management\architecture-decision-log\architecture-decision-record-0001.md = ..\docs\technical\architecture\architecture-knowledge-management\architecture-decision-log\architecture-decision-record-0001.md
		..\docs\technical\architecture\architecture-knowledge-management\architecture-decision-log\architecture-decision-record-0002.md = ..\docs\technical\architecture\architecture-knowledge-management\architecture-decision-log\architecture-decision-record-0002.md
		..\docs\technical\architecture\architecture-knowledge-management\architecture-decision-log\architecture-decision-record-0003.md = ..\docs\technical\architecture\architecture-knowledge-management\architecture-decision-log\architecture-decision-record-0003.md
		..\docs\technical\architecture\architecture-knowledge-management\architecture-decision-log\architecture-decision-record-0004.md = ..\docs\technical\architecture\architecture-knowledge-management\architecture-decision-log\architecture-decision-record-0004.md
		..\docs\technical\architecture\architecture-knowledge-management\architecture-decision-log\architecture-decision-record-0005.md = ..\docs\technical\architecture\architecture-knowledge-management\architecture-decision-log\architecture-decision-record-0005.md
		..\docs\technical\architecture\architecture-knowledge-management\architecture-decision-log\architecture-decision-record-0006.md = ..\docs\technical\architecture\architecture-knowledge-management\architecture-decision-log\architecture-decision-record-0006.md
		..\docs\technical\architecture\architecture-knowledge-management\architecture-decision-log\architecture-decision-record-0007.md = ..\docs\technical\architecture\architecture-knowledge-management\architecture-decision-log\architecture-decision-record-0007.md
		..\docs\technical\architecture\architecture-knowledge-management\architecture-decision-log\architecture-decision-record-0008.md = ..\docs\technical\architecture\architecture-knowledge-management\architecture-decision-log\architecture-decision-record-0008.md
		..\docs\technical\architecture\architecture-knowledge-management\architecture-decision-log\architecture-decision-record-0009.md = ..\docs\technical\architecture\architecture-knowledge-management\architecture-decision-log\architecture-decision-record-0009.md
		..\docs\technical\architecture\architecture-knowledge-management\architecture-decision-log\architecture-decision-record-0010.md = ..\docs\technical\architecture\architecture-knowledge-management\architecture-decision-log\architecture-decision-record-0010.md
		..\docs\technical\architecture\architecture-knowledge-management\architecture-decision-log\architecture-decision-record-0011.md = ..\docs\technical\architecture\architecture-knowledge-management\architecture-decision-log\architecture-decision-record-0011.md
		..\docs\technical\architecture\architecture-knowledge-management\architecture-decision-log\architecture-decision-record-0012.md = ..\docs\technical\architecture\architecture-knowledge-management\architecture-decision-log\architecture-decision-record-0012.md
	EndProjectSection
EndProject
Project("{FAE04EC0-301F-11D3-BF4B-00C04F79EFBC}") = "Lumina.Plugins.Contracts", "Lumina.Plugins.Contracts\Lumina.Plugins.Contracts.csproj", "{8CF6FEA4-624C-4EC9-93D6-EB7626059D7C}"
EndProject
Project("{2150E333-8FDC-42A3-9474-1A3956D46DE8}") = "plugins", "plugins", "{02EA681E-C7D8-13C7-8484-4AC65E1B71E8}"
EndProject
Project("{FAE04EC0-301F-11D3-BF4B-00C04F79EFBC}") = "Lumina.Plugins.OpenLibrary", "..\plugins\Lumina.Plugins.OpenLibrary\Lumina.Plugins.OpenLibrary.csproj", "{EADCD78B-04D5-4FE3-855C-E3015531EC8E}"
EndProject
Project("{FAE04EC0-301F-11D3-BF4B-00C04F79EFBC}") = "Lumina.Plugins.Calibre", "..\plugins\Lumina.Plugins.Calibre\Lumina.Plugins.Calibre.csproj", "{B7C4D2E1-5A6F-4B8A-9C3D-1E2F4A5B6C7D}"
EndProject
Project("{FAE04EC0-301F-11D3-BF4B-00C04F79EFBC}") = "Lumina.Domain.SharedKernel", "Lumina.Domain.SharedKernel\Lumina.Domain.SharedKernel.csproj", "{9450EAC6-1F33-4BE1-89E3-0275885FE3EE}"
EndProject
Project("{2150E333-8FDC-42A3-9474-1A3956D46DE8}") = "Common", "Common", "{7E8A2D6B-3F4C-4E5F-9A6B-1C2D3E4F5A6B}"
EndProject
Project("{9A19103F-16F7-4668-BE54-9A1E7A4F7556}") = "Lumina.Domain.Fixtures", "..\tests\Common\Lumina.Domain.Fixtures\Lumina.Domain.Fixtures.csproj", "{E6449D94-C33A-41CE-9047-7298CF20C311}"
EndProject
Project("{9A19103F-16F7-4668-BE54-9A1E7A4F7556}") = "Lumina.Contracts.Fixtures", "..\tests\Common\Lumina.Contracts.Fixtures\Lumina.Contracts.Fixtures.csproj", "{45774AE5-23DB-424B-8E2A-B355ADEFB777}"
EndProject
Project("{9A19103F-16F7-4668-BE54-9A1E7A4F7556}") = "Lumina.Application.Fixtures", "..\tests\Common\Lumina.Application.Fixtures\Lumina.Application.Fixtures.csproj", "{BEF177F3-99E7-4649-86AB-B4235B9A95ED}"
EndProject
Project("{9A19103F-16F7-4668-BE54-9A1E7A4F7556}") = "Lumina.Infrastructure.Fixtures", "..\tests\Common\Lumina.Infrastructure.Fixtures\Lumina.Infrastructure.Fixtures.csproj", "{7C2AB7E7-F58B-4F96-BDFB-05E403BD999B}"
EndProject
Project("{9A19103F-16F7-4668-BE54-9A1E7A4F7556}") = "Lumina.Presentation.Api.Fixtures", "..\tests\Common\Lumina.Presentation.Api.Fixtures\Lumina.Presentation.Api.Fixtures.csproj", "{4E7353D5-5F1C-43A1-B792-6CD1D5DBDB91}"
EndProject
Project("{9A19103F-16F7-4668-BE54-9A1E7A4F7556}") = "Lumina.Domain.SharedKernel.Fixtures", "..\tests\Common\Lumina.Domain.SharedKernel.Fixtures\Lumina.Domain.SharedKernel.Fixtures.csproj", "{A6BC3F8B-CAB8-4F3B-BD89-B7428697DE61}"
EndProject
Project("{FAE04EC0-301F-11D3-BF4B-00C04F79EFBC}") = "Lumina.Presentation.Web.Fixtures", "..\tests\Common\Lumina.Presentation.Web.Fixtures\Lumina.Presentation.Web.Fixtures.csproj", "{52245330-641B-4E14-823A-10B3D9105D58}"
EndProject
Project("{FAE04EC0-301F-11D3-BF4B-00C04F79EFBC}") = "Lumina.Presentation.Web.UnitTests", "..\tests\UnitTests\Lumina.Presentation.Web.UnitTests\Lumina.Presentation.Web.UnitTests.csproj", "{697F6057-DBDC-40B9-A7E5-02F295BC18B3}"
EndProject
Project("{FAE04EC0-301F-11D3-BF4B-00C04F79EFBC}") = "Lumina.Presentation.Web.IntegrationTests", "..\tests\IntegrationTests\Lumina.Presentation.Web.IntegrationTests\Lumina.Presentation.Web.IntegrationTests.csproj", "{4BE18EDC-02ED-47E2-A23A-3F6650ADAF0A}"
EndProject
Project("{FAE04EC0-301F-11D3-BF4B-00C04F79EFBC}") = "Lumina.Presentation.Web.SecurityTests", "..\tests\SecurityTests\Lumina.Presentation.Web.SecurityTests\Lumina.Presentation.Web.SecurityTests.csproj", "{3FE25467-CBC6-438F-BB96-6601AF56E937}"
EndProject
Project("{FAE04EC0-301F-11D3-BF4B-00C04F79EFBC}") = "Lumina.Contracts.UnitTests", "..\tests\UnitTests\Lumina.Contracts.UnitTests\Lumina.Contracts.UnitTests.csproj", "{8336763E-26CE-4598-8438-26C7FFD60A2E}"
EndProject
Project("{FAE04EC0-301F-11D3-BF4B-00C04F79EFBC}") = "Lumina.Domain.SharedKernel.UnitTests", "..\tests\UnitTests\Lumina.Domain.SharedKernel.UnitTests\Lumina.Domain.SharedKernel.UnitTests.csproj", "{B03AA3FE-4716-482C-8880-7BF3D9682A9F}"
EndProject
Project("{FAE04EC0-301F-11D3-BF4B-00C04F79EFBC}") = "Lumina.Plugins.Contracts.UnitTests", "..\tests\UnitTests\Lumina.Plugins.Contracts.UnitTests\Lumina.Plugins.Contracts.UnitTests.csproj", "{09F90296-A229-4CA2-8635-15B5893FE2EA}"
EndProject
Project("{FAE04EC0-301F-11D3-BF4B-00C04F79EFBC}") = "Lumina.Plugins.Contracts.Fixtures", "..\tests\Common\Lumina.Plugins.Contracts.Fixtures\Lumina.Plugins.Contracts.Fixtures.csproj", "{C4C9EA32-AF10-4D03-9907-8EA9EA06EBFB}"
EndProject
Project("{FAE04EC0-301F-11D3-BF4B-00C04F79EFBC}") = "Lumina.Plugins.OpenLibrary.UnitTests", "..\tests\UnitTests\Lumina.Plugins.OpenLibrary.UnitTests\Lumina.Plugins.OpenLibrary.UnitTests.csproj", "{FEC00EBD-6A64-4280-B0F7-1EC5321C294A}"
EndProject
Project("{FAE04EC0-301F-11D3-BF4B-00C04F79EFBC}") = "Lumina.Plugins.OpenLibrary.Fixtures", "..\tests\Common\Lumina.Plugins.OpenLibrary.Fixtures\Lumina.Plugins.OpenLibrary.Fixtures.csproj", "{16F65859-93AB-499F-A0BE-9EC05E20435F}"
EndProject
Project("{FAE04EC0-301F-11D3-BF4B-00C04F79EFBC}") = "Lumina.Plugins.Calibre.UnitTests", "..\tests\UnitTests\Lumina.Plugins.Calibre.UnitTests\Lumina.Plugins.Calibre.UnitTests.csproj", "{A5E8D4C1-2B3C-4D5E-8F6A-7B8C9D0E1F20}"
EndProject
Project("{FAE04EC0-301F-11D3-BF4B-00C04F79EFBC}") = "Lumina.Plugins.Calibre.Fixtures", "..\tests\Common\Lumina.Plugins.Calibre.Fixtures\Lumina.Plugins.Calibre.Fixtures.csproj", "{B6F9E5D2-3C4D-5E6F-9A7B-8C9D0E1F2A31}"
EndProject
Project("{FAE04EC0-301F-11D3-BF4B-00C04F79EFBC}") = "Lumina.TestPlugin", "..\tests\Common\Lumina.TestPlugin\Lumina.TestPlugin.csproj", "{65AA7896-2DE2-4F07-A1B2-C1E1774521C2}"
EndProject
Project("{2150E333-8FDC-42A3-9474-1A3956D46DE8}") = "theming", "theming", "{2872042D-061F-4C76-8017-0A518A7E28A7}"
	ProjectSection(SolutionItems) = preProject
		..\docs\technical\theming\Theming.md = ..\docs\technical\theming\Theming.md
	EndProjectSection
EndProject
Project("{FAE04EC0-301F-11D3-BF4B-00C04F79EFBC}") = "Lumina.Plugins.Epub", "..\plugins\Lumina.Plugins.Epub\Lumina.Plugins.Epub.csproj", "{EBE84E94-60C3-4D04-8802-F81ACA74DE21}"
EndProject
Project("{FAE04EC0-301F-11D3-BF4B-00C04F79EFBC}") = "Lumina.Plugins.Pdf", "..\plugins\Lumina.Plugins.Pdf\Lumina.Plugins.Pdf.csproj", "{46E92994-64C6-44CE-8039-D930775C532A}"
EndProject
Project("{FAE04EC0-301F-11D3-BF4B-00C04F79EFBC}") = "Lumina.Plugins.Epub.UnitTests", "..\tests\UnitTests\Lumina.Plugins.Epub.UnitTests\Lumina.Plugins.Epub.UnitTests.csproj", "{A4BD890A-5959-4A9E-9FCA-CDCCE27B8662}"
EndProject
Project("{FAE04EC0-301F-11D3-BF4B-00C04F79EFBC}") = "Lumina.Plugins.Pdf.UnitTests", "..\tests\UnitTests\Lumina.Plugins.Pdf.UnitTests\Lumina.Plugins.Pdf.UnitTests.csproj", "{B97069B6-71A8-4D42-87E7-178396E4749F}"
EndProject
Project("{FAE04EC0-301F-11D3-BF4B-00C04F79EFBC}") = "Lumina.Plugins.Epub.Fixtures", "..\tests\Common\Lumina.Plugins.Epub.Fixtures\Lumina.Plugins.Epub.Fixtures.csproj", "{334D9DE2-AE31-4C2C-9B8B-F3E1A335C11F}"
EndProject
Project("{FAE04EC0-301F-11D3-BF4B-00C04F79EFBC}") = "Lumina.Plugins.Pdf.Fixtures", "..\tests\Common\Lumina.Plugins.Pdf.Fixtures\Lumina.Plugins.Pdf.Fixtures.csproj", "{15BB9243-9CF1-4B7C-B150-678F7F6BA3C2}"
EndProject
Project("{FAE04EC0-301F-11D3-BF4B-00C04F79EFBC}") = "Lumina.DataAccess.IntegrationTests", "..\tests\IntegrationTests\Lumina.DataAccess.IntegrationTests\Lumina.DataAccess.IntegrationTests.csproj", "{AA870A8B-70FA-47F6-8357-70A2E1D25A15}"
EndProject
Project("{FAE04EC0-301F-11D3-BF4B-00C04F79EFBC}") = "Lumina.Infrastructure.IntegrationTests", "..\tests\IntegrationTests\Lumina.Infrastructure.IntegrationTests\Lumina.Infrastructure.IntegrationTests.csproj", "{1644B890-B93E-4137-A98A-CC6DD74BE9EA}"
EndProject
Project("{FAE04EC0-301F-11D3-BF4B-00C04F79EFBC}") = "Lumina.Plugins.Epub.IntegrationTests", "..\tests\IntegrationTests\Lumina.Plugins.Epub.IntegrationTests\Lumina.Plugins.Epub.IntegrationTests.csproj", "{97F5171D-DF9B-4C2B-B791-1F75A364ED05}"
EndProject
Project("{FAE04EC0-301F-11D3-BF4B-00C04F79EFBC}") = "Lumina.Plugins.Pdf.IntegrationTests", "..\tests\IntegrationTests\Lumina.Plugins.Pdf.IntegrationTests\Lumina.Plugins.Pdf.IntegrationTests.csproj", "{1452D457-8C24-4BB5-A45E-794F3240212D}"
EndProject
Project("{FAE04EC0-301F-11D3-BF4B-00C04F79EFBC}") = "Lumina.Plugins.Calibre.IntegrationTests", "..\tests\IntegrationTests\Lumina.Plugins.Calibre.IntegrationTests\Lumina.Plugins.Calibre.IntegrationTests.csproj", "{319846E2-F97B-4547-9134-59B5D7BB9E2D}"
EndProject
Global
	GlobalSection(SolutionConfigurationPlatforms) = preSolution
		Debug|Any CPU = Debug|Any CPU
		Debug|x64 = Debug|x64
		Debug|x86 = Debug|x86
		Release|Any CPU = Release|Any CPU
		Release|x64 = Release|x64
		Release|x86 = Release|x86
	EndGlobalSection
	GlobalSection(ProjectConfigurationPlatforms) = postSolution
		{7B2671B3-E9C5-41AD-BB0C-692238558197}.Debug|Any CPU.ActiveCfg = Debug|Any CPU
		{7B2671B3-E9C5-41AD-BB0C-692238558197}.Debug|Any CPU.Build.0 = Debug|Any CPU
		{7B2671B3-E9C5-41AD-BB0C-692238558197}.Debug|x64.ActiveCfg = Debug|Any CPU
		{7B2671B3-E9C5-41AD-BB0C-692238558197}.Debug|x64.Build.0 = Debug|Any CPU
		{7B2671B3-E9C5-41AD-BB0C-692238558197}.Debug|x86.ActiveCfg = Debug|Any CPU
		{7B2671B3-E9C5-41AD-BB0C-692238558197}.Debug|x86.Build.0 = Debug|Any CPU
		{7B2671B3-E9C5-41AD-BB0C-692238558197}.Release|Any CPU.ActiveCfg = Release|Any CPU
		{7B2671B3-E9C5-41AD-BB0C-692238558197}.Release|Any CPU.Build.0 = Release|Any CPU
		{7B2671B3-E9C5-41AD-BB0C-692238558197}.Release|x64.ActiveCfg = Release|Any CPU
		{7B2671B3-E9C5-41AD-BB0C-692238558197}.Release|x64.Build.0 = Release|Any CPU
		{7B2671B3-E9C5-41AD-BB0C-692238558197}.Release|x86.ActiveCfg = Release|Any CPU
		{7B2671B3-E9C5-41AD-BB0C-692238558197}.Release|x86.Build.0 = Release|Any CPU
		{7FEA2A01-1660-4D18-B05D-83D356FD7828}.Debug|Any CPU.ActiveCfg = Debug|Any CPU
		{7FEA2A01-1660-4D18-B05D-83D356FD7828}.Debug|Any CPU.Build.0 = Debug|Any CPU
		{7FEA2A01-1660-4D18-B05D-83D356FD7828}.Debug|x64.ActiveCfg = Debug|Any CPU
		{7FEA2A01-1660-4D18-B05D-83D356FD7828}.Debug|x64.Build.0 = Debug|Any CPU
		{7FEA2A01-1660-4D18-B05D-83D356FD7828}.Debug|x86.ActiveCfg = Debug|Any CPU
		{7FEA2A01-1660-4D18-B05D-83D356FD7828}.Debug|x86.Build.0 = Debug|Any CPU
		{7FEA2A01-1660-4D18-B05D-83D356FD7828}.Release|Any CPU.ActiveCfg = Release|Any CPU
		{7FEA2A01-1660-4D18-B05D-83D356FD7828}.Release|Any CPU.Build.0 = Release|Any CPU
		{7FEA2A01-1660-4D18-B05D-83D356FD7828}.Release|x64.ActiveCfg = Release|Any CPU
		{7FEA2A01-1660-4D18-B05D-83D356FD7828}.Release|x64.Build.0 = Release|Any CPU
		{7FEA2A01-1660-4D18-B05D-83D356FD7828}.Release|x86.ActiveCfg = Release|Any CPU
		{7FEA2A01-1660-4D18-B05D-83D356FD7828}.Release|x86.Build.0 = Release|Any CPU
		{9FF9D5FA-1D0C-4743-87E3-CC8C08694CAC}.Debug|Any CPU.ActiveCfg = Debug|Any CPU
		{9FF9D5FA-1D0C-4743-87E3-CC8C08694CAC}.Debug|Any CPU.Build.0 = Debug|Any CPU
		{9FF9D5FA-1D0C-4743-87E3-CC8C08694CAC}.Debug|x64.ActiveCfg = Debug|Any CPU
		{9FF9D5FA-1D0C-4743-87E3-CC8C08694CAC}.Debug|x64.Build.0 = Debug|Any CPU
		{9FF9D5FA-1D0C-4743-87E3-CC8C08694CAC}.Debug|x86.ActiveCfg = Debug|Any CPU
		{9FF9D5FA-1D0C-4743-87E3-CC8C08694CAC}.Debug|x86.Build.0 = Debug|Any CPU
		{9FF9D5FA-1D0C-4743-87E3-CC8C08694CAC}.Release|Any CPU.ActiveCfg = Release|Any CPU
		{9FF9D5FA-1D0C-4743-87E3-CC8C08694CAC}.Release|Any CPU.Build.0 = Release|Any CPU
		{9FF9D5FA-1D0C-4743-87E3-CC8C08694CAC}.Release|x64.ActiveCfg = Release|Any CPU
		{9FF9D5FA-1D0C-4743-87E3-CC8C08694CAC}.Release|x64.Build.0 = Release|Any CPU
		{9FF9D5FA-1D0C-4743-87E3-CC8C08694CAC}.Release|x86.ActiveCfg = Release|Any CPU
		{9FF9D5FA-1D0C-4743-87E3-CC8C08694CAC}.Release|x86.Build.0 = Release|Any CPU
		{D43E63EA-2210-471E-BFED-D1D33D196554}.Debug|Any CPU.ActiveCfg = Debug|Any CPU
		{D43E63EA-2210-471E-BFED-D1D33D196554}.Debug|Any CPU.Build.0 = Debug|Any CPU
		{D43E63EA-2210-471E-BFED-D1D33D196554}.Debug|x64.ActiveCfg = Debug|Any CPU
		{D43E63EA-2210-471E-BFED-D1D33D196554}.Debug|x64.Build.0 = Debug|Any CPU
		{D43E63EA-2210-471E-BFED-D1D33D196554}.Debug|x86.ActiveCfg = Debug|Any CPU
		{D43E63EA-2210-471E-BFED-D1D33D196554}.Debug|x86.Build.0 = Debug|Any CPU
		{D43E63EA-2210-471E-BFED-D1D33D196554}.Release|Any CPU.ActiveCfg = Release|Any CPU
		{D43E63EA-2210-471E-BFED-D1D33D196554}.Release|Any CPU.Build.0 = Release|Any CPU
		{D43E63EA-2210-471E-BFED-D1D33D196554}.Release|x64.ActiveCfg = Release|Any CPU
		{D43E63EA-2210-471E-BFED-D1D33D196554}.Release|x64.Build.0 = Release|Any CPU
		{D43E63EA-2210-471E-BFED-D1D33D196554}.Release|x86.ActiveCfg = Release|Any CPU
		{D43E63EA-2210-471E-BFED-D1D33D196554}.Release|x86.Build.0 = Release|Any CPU
		{7A49A922-127C-4786-84B7-53E64D816336}.Debug|Any CPU.ActiveCfg = Debug|Any CPU
		{7A49A922-127C-4786-84B7-53E64D816336}.Debug|Any CPU.Build.0 = Debug|Any CPU
		{7A49A922-127C-4786-84B7-53E64D816336}.Debug|x64.ActiveCfg = Debug|Any CPU
		{7A49A922-127C-4786-84B7-53E64D816336}.Debug|x64.Build.0 = Debug|Any CPU
		{7A49A922-127C-4786-84B7-53E64D816336}.Debug|x86.ActiveCfg = Debug|Any CPU
		{7A49A922-127C-4786-84B7-53E64D816336}.Debug|x86.Build.0 = Debug|Any CPU
		{7A49A922-127C-4786-84B7-53E64D816336}.Release|Any CPU.ActiveCfg = Release|Any CPU
		{7A49A922-127C-4786-84B7-53E64D816336}.Release|Any CPU.Build.0 = Release|Any CPU
		{7A49A922-127C-4786-84B7-53E64D816336}.Release|x64.ActiveCfg = Release|Any CPU
		{7A49A922-127C-4786-84B7-53E64D816336}.Release|x64.Build.0 = Release|Any CPU
		{7A49A922-127C-4786-84B7-53E64D816336}.Release|x86.ActiveCfg = Release|Any CPU
		{7A49A922-127C-4786-84B7-53E64D816336}.Release|x86.Build.0 = Release|Any CPU
		{4DEA94AF-D592-4187-8850-A569C93256C9}.Debug|Any CPU.ActiveCfg = Debug|Any CPU
		{4DEA94AF-D592-4187-8850-A569C93256C9}.Debug|Any CPU.Build.0 = Debug|Any CPU
		{4DEA94AF-D592-4187-8850-A569C93256C9}.Debug|x64.ActiveCfg = Debug|Any CPU
		{4DEA94AF-D592-4187-8850-A569C93256C9}.Debug|x64.Build.0 = Debug|Any CPU
		{4DEA94AF-D592-4187-8850-A569C93256C9}.Debug|x86.ActiveCfg = Debug|Any CPU
		{4DEA94AF-D592-4187-8850-A569C93256C9}.Debug|x86.Build.0 = Debug|Any CPU
		{4DEA94AF-D592-4187-8850-A569C93256C9}.Release|Any CPU.ActiveCfg = Release|Any CPU
		{4DEA94AF-D592-4187-8850-A569C93256C9}.Release|Any CPU.Build.0 = Release|Any CPU
		{4DEA94AF-D592-4187-8850-A569C93256C9}.Release|x64.ActiveCfg = Release|Any CPU
		{4DEA94AF-D592-4187-8850-A569C93256C9}.Release|x64.Build.0 = Release|Any CPU
		{4DEA94AF-D592-4187-8850-A569C93256C9}.Release|x86.ActiveCfg = Release|Any CPU
		{4DEA94AF-D592-4187-8850-A569C93256C9}.Release|x86.Build.0 = Release|Any CPU
		{8DB5300A-B38A-4F6D-8FF7-A722DA47667E}.Debug|Any CPU.ActiveCfg = Debug|Any CPU
		{8DB5300A-B38A-4F6D-8FF7-A722DA47667E}.Debug|Any CPU.Build.0 = Debug|Any CPU
		{8DB5300A-B38A-4F6D-8FF7-A722DA47667E}.Debug|x64.ActiveCfg = Debug|Any CPU
		{8DB5300A-B38A-4F6D-8FF7-A722DA47667E}.Debug|x64.Build.0 = Debug|Any CPU
		{8DB5300A-B38A-4F6D-8FF7-A722DA47667E}.Debug|x86.ActiveCfg = Debug|Any CPU
		{8DB5300A-B38A-4F6D-8FF7-A722DA47667E}.Debug|x86.Build.0 = Debug|Any CPU
		{8DB5300A-B38A-4F6D-8FF7-A722DA47667E}.Release|Any CPU.ActiveCfg = Release|Any CPU
		{8DB5300A-B38A-4F6D-8FF7-A722DA47667E}.Release|Any CPU.Build.0 = Release|Any CPU
		{8DB5300A-B38A-4F6D-8FF7-A722DA47667E}.Release|x64.ActiveCfg = Release|Any CPU
		{8DB5300A-B38A-4F6D-8FF7-A722DA47667E}.Release|x64.Build.0 = Release|Any CPU
		{8DB5300A-B38A-4F6D-8FF7-A722DA47667E}.Release|x86.ActiveCfg = Release|Any CPU
		{8DB5300A-B38A-4F6D-8FF7-A722DA47667E}.Release|x86.Build.0 = Release|Any CPU
		{6050F6A9-F136-4B7B-82D2-57E689463ACA}.Debug|Any CPU.ActiveCfg = Debug|Any CPU
		{6050F6A9-F136-4B7B-82D2-57E689463ACA}.Debug|Any CPU.Build.0 = Debug|Any CPU
		{6050F6A9-F136-4B7B-82D2-57E689463ACA}.Debug|x64.ActiveCfg = Debug|Any CPU
		{6050F6A9-F136-4B7B-82D2-57E689463ACA}.Debug|x64.Build.0 = Debug|Any CPU
		{6050F6A9-F136-4B7B-82D2-57E689463ACA}.Debug|x86.ActiveCfg = Debug|Any CPU
		{6050F6A9-F136-4B7B-82D2-57E689463ACA}.Debug|x86.Build.0 = Debug|Any CPU
		{6050F6A9-F136-4B7B-82D2-57E689463ACA}.Release|Any CPU.ActiveCfg = Release|Any CPU
		{6050F6A9-F136-4B7B-82D2-57E689463ACA}.Release|Any CPU.Build.0 = Release|Any CPU
		{6050F6A9-F136-4B7B-82D2-57E689463ACA}.Release|x64.ActiveCfg = Release|Any CPU
		{6050F6A9-F136-4B7B-82D2-57E689463ACA}.Release|x64.Build.0 = Release|Any CPU
		{6050F6A9-F136-4B7B-82D2-57E689463ACA}.Release|x86.ActiveCfg = Release|Any CPU
		{6050F6A9-F136-4B7B-82D2-57E689463ACA}.Release|x86.Build.0 = Release|Any CPU
		{3BB42EB9-A0A3-4E3F-9053-785F429714AE}.Debug|Any CPU.ActiveCfg = Debug|Any CPU
		{3BB42EB9-A0A3-4E3F-9053-785F429714AE}.Debug|Any CPU.Build.0 = Debug|Any CPU
		{3BB42EB9-A0A3-4E3F-9053-785F429714AE}.Debug|x64.ActiveCfg = Debug|Any CPU
		{3BB42EB9-A0A3-4E3F-9053-785F429714AE}.Debug|x64.Build.0 = Debug|Any CPU
		{3BB42EB9-A0A3-4E3F-9053-785F429714AE}.Debug|x86.ActiveCfg = Debug|Any CPU
		{3BB42EB9-A0A3-4E3F-9053-785F429714AE}.Debug|x86.Build.0 = Debug|Any CPU
		{3BB42EB9-A0A3-4E3F-9053-785F429714AE}.Release|Any CPU.ActiveCfg = Release|Any CPU
		{3BB42EB9-A0A3-4E3F-9053-785F429714AE}.Release|Any CPU.Build.0 = Release|Any CPU
		{3BB42EB9-A0A3-4E3F-9053-785F429714AE}.Release|x64.ActiveCfg = Release|Any CPU
		{3BB42EB9-A0A3-4E3F-9053-785F429714AE}.Release|x64.Build.0 = Release|Any CPU
		{3BB42EB9-A0A3-4E3F-9053-785F429714AE}.Release|x86.ActiveCfg = Release|Any CPU
		{3BB42EB9-A0A3-4E3F-9053-785F429714AE}.Release|x86.Build.0 = Release|Any CPU
		{4D5E4789-8437-4F3B-883E-28BBF8A4848F}.Debug|Any CPU.ActiveCfg = Debug|Any CPU
		{4D5E4789-8437-4F3B-883E-28BBF8A4848F}.Debug|Any CPU.Build.0 = Debug|Any CPU
		{4D5E4789-8437-4F3B-883E-28BBF8A4848F}.Debug|x64.ActiveCfg = Debug|Any CPU
		{4D5E4789-8437-4F3B-883E-28BBF8A4848F}.Debug|x64.Build.0 = Debug|Any CPU
		{4D5E4789-8437-4F3B-883E-28BBF8A4848F}.Debug|x86.ActiveCfg = Debug|Any CPU
		{4D5E4789-8437-4F3B-883E-28BBF8A4848F}.Debug|x86.Build.0 = Debug|Any CPU
		{4D5E4789-8437-4F3B-883E-28BBF8A4848F}.Release|Any CPU.ActiveCfg = Release|Any CPU
		{4D5E4789-8437-4F3B-883E-28BBF8A4848F}.Release|Any CPU.Build.0 = Release|Any CPU
		{4D5E4789-8437-4F3B-883E-28BBF8A4848F}.Release|x64.ActiveCfg = Release|Any CPU
		{4D5E4789-8437-4F3B-883E-28BBF8A4848F}.Release|x64.Build.0 = Release|Any CPU
		{4D5E4789-8437-4F3B-883E-28BBF8A4848F}.Release|x86.ActiveCfg = Release|Any CPU
		{4D5E4789-8437-4F3B-883E-28BBF8A4848F}.Release|x86.Build.0 = Release|Any CPU
		{3680DAFB-10BA-4A0F-AE40-620D06DAF617}.Debug|Any CPU.ActiveCfg = Debug|Any CPU
		{3680DAFB-10BA-4A0F-AE40-620D06DAF617}.Debug|Any CPU.Build.0 = Debug|Any CPU
		{3680DAFB-10BA-4A0F-AE40-620D06DAF617}.Debug|x64.ActiveCfg = Debug|Any CPU
		{3680DAFB-10BA-4A0F-AE40-620D06DAF617}.Debug|x64.Build.0 = Debug|Any CPU
		{3680DAFB-10BA-4A0F-AE40-620D06DAF617}.Debug|x86.ActiveCfg = Debug|Any CPU
		{3680DAFB-10BA-4A0F-AE40-620D06DAF617}.Debug|x86.Build.0 = Debug|Any CPU
		{3680DAFB-10BA-4A0F-AE40-620D06DAF617}.Release|Any CPU.ActiveCfg = Release|Any CPU
		{3680DAFB-10BA-4A0F-AE40-620D06DAF617}.Release|Any CPU.Build.0 = Release|Any CPU
		{3680DAFB-10BA-4A0F-AE40-620D06DAF617}.Release|x64.ActiveCfg = Release|Any CPU
		{3680DAFB-10BA-4A0F-AE40-620D06DAF617}.Release|x64.Build.0 = Release|Any CPU
		{3680DAFB-10BA-4A0F-AE40-620D06DAF617}.Release|x86.ActiveCfg = Release|Any CPU
		{3680DAFB-10BA-4A0F-AE40-620D06DAF617}.Release|x86.Build.0 = Release|Any CPU
		{D4C61542-FC91-47FA-B1D2-11CC99617454}.Debug|Any CPU.ActiveCfg = Debug|Any CPU
		{D4C61542-FC91-47FA-B1D2-11CC99617454}.Debug|Any CPU.Build.0 = Debug|Any CPU
		{D4C61542-FC91-47FA-B1D2-11CC99617454}.Debug|x64.ActiveCfg = Debug|x64
		{D4C61542-FC91-47FA-B1D2-11CC99617454}.Debug|x86.ActiveCfg = Debug|x86
		{D4C61542-FC91-47FA-B1D2-11CC99617454}.Release|Any CPU.ActiveCfg = Release|Any CPU
		{D4C61542-FC91-47FA-B1D2-11CC99617454}.Release|Any CPU.Build.0 = Release|Any CPU
		{D4C61542-FC91-47FA-B1D2-11CC99617454}.Release|x64.ActiveCfg = Release|x64
		{D4C61542-FC91-47FA-B1D2-11CC99617454}.Release|x86.ActiveCfg = Release|x86
		{6BD85BA8-B3C4-4D79-8858-F6D7676FF2CC}.Debug|Any CPU.ActiveCfg = Debug|Any CPU
		{6BD85BA8-B3C4-4D79-8858-F6D7676FF2CC}.Debug|Any CPU.Build.0 = Debug|Any CPU
		{6BD85BA8-B3C4-4D79-8858-F6D7676FF2CC}.Debug|x64.ActiveCfg = Debug|Any CPU
		{6BD85BA8-B3C4-4D79-8858-F6D7676FF2CC}.Debug|x64.Build.0 = Debug|Any CPU
		{6BD85BA8-B3C4-4D79-8858-F6D7676FF2CC}.Debug|x86.ActiveCfg = Debug|Any CPU
		{6BD85BA8-B3C4-4D79-8858-F6D7676FF2CC}.Debug|x86.Build.0 = Debug|Any CPU
		{6BD85BA8-B3C4-4D79-8858-F6D7676FF2CC}.Release|Any CPU.ActiveCfg = Release|Any CPU
		{6BD85BA8-B3C4-4D79-8858-F6D7676FF2CC}.Release|Any CPU.Build.0 = Release|Any CPU
		{6BD85BA8-B3C4-4D79-8858-F6D7676FF2CC}.Release|x64.ActiveCfg = Release|Any CPU
		{6BD85BA8-B3C4-4D79-8858-F6D7676FF2CC}.Release|x64.Build.0 = Release|Any CPU
		{6BD85BA8-B3C4-4D79-8858-F6D7676FF2CC}.Release|x86.ActiveCfg = Release|Any CPU
		{6BD85BA8-B3C4-4D79-8858-F6D7676FF2CC}.Release|x86.Build.0 = Release|Any CPU
		{613C74E8-720C-4205-8BA7-85B23D2E7881}.Debug|Any CPU.ActiveCfg = Debug|Any CPU
		{613C74E8-720C-4205-8BA7-85B23D2E7881}.Debug|Any CPU.Build.0 = Debug|Any CPU
		{613C74E8-720C-4205-8BA7-85B23D2E7881}.Debug|x64.ActiveCfg = Debug|Any CPU
		{613C74E8-720C-4205-8BA7-85B23D2E7881}.Debug|x64.Build.0 = Debug|Any CPU
		{613C74E8-720C-4205-8BA7-85B23D2E7881}.Debug|x86.ActiveCfg = Debug|Any CPU
		{613C74E8-720C-4205-8BA7-85B23D2E7881}.Debug|x86.Build.0 = Debug|Any CPU
		{613C74E8-720C-4205-8BA7-85B23D2E7881}.Release|Any CPU.ActiveCfg = Release|Any CPU
		{613C74E8-720C-4205-8BA7-85B23D2E7881}.Release|Any CPU.Build.0 = Release|Any CPU
		{613C74E8-720C-4205-8BA7-85B23D2E7881}.Release|x64.ActiveCfg = Release|Any CPU
		{613C74E8-720C-4205-8BA7-85B23D2E7881}.Release|x64.Build.0 = Release|Any CPU
		{613C74E8-720C-4205-8BA7-85B23D2E7881}.Release|x86.ActiveCfg = Release|Any CPU
		{613C74E8-720C-4205-8BA7-85B23D2E7881}.Release|x86.Build.0 = Release|Any CPU
		{F72DCA2D-0349-42F9-9614-92A38D4B1EA4}.Debug|Any CPU.ActiveCfg = Debug|Any CPU
		{F72DCA2D-0349-42F9-9614-92A38D4B1EA4}.Debug|Any CPU.Build.0 = Debug|Any CPU
		{F72DCA2D-0349-42F9-9614-92A38D4B1EA4}.Debug|x64.ActiveCfg = Debug|Any CPU
		{F72DCA2D-0349-42F9-9614-92A38D4B1EA4}.Debug|x64.Build.0 = Debug|Any CPU
		{F72DCA2D-0349-42F9-9614-92A38D4B1EA4}.Debug|x86.ActiveCfg = Debug|Any CPU
		{F72DCA2D-0349-42F9-9614-92A38D4B1EA4}.Debug|x86.Build.0 = Debug|Any CPU
		{F72DCA2D-0349-42F9-9614-92A38D4B1EA4}.Release|Any CPU.ActiveCfg = Release|Any CPU
		{F72DCA2D-0349-42F9-9614-92A38D4B1EA4}.Release|Any CPU.Build.0 = Release|Any CPU
		{F72DCA2D-0349-42F9-9614-92A38D4B1EA4}.Release|x64.ActiveCfg = Release|Any CPU
		{F72DCA2D-0349-42F9-9614-92A38D4B1EA4}.Release|x64.Build.0 = Release|Any CPU
		{F72DCA2D-0349-42F9-9614-92A38D4B1EA4}.Release|x86.ActiveCfg = Release|Any CPU
		{F72DCA2D-0349-42F9-9614-92A38D4B1EA4}.Release|x86.Build.0 = Release|Any CPU
		{8CF6FEA4-624C-4EC9-93D6-EB7626059D7C}.Debug|Any CPU.ActiveCfg = Debug|Any CPU
		{8CF6FEA4-624C-4EC9-93D6-EB7626059D7C}.Debug|Any CPU.Build.0 = Debug|Any CPU
		{8CF6FEA4-624C-4EC9-93D6-EB7626059D7C}.Debug|x64.ActiveCfg = Debug|Any CPU
		{8CF6FEA4-624C-4EC9-93D6-EB7626059D7C}.Debug|x64.Build.0 = Debug|Any CPU
		{8CF6FEA4-624C-4EC9-93D6-EB7626059D7C}.Debug|x86.ActiveCfg = Debug|Any CPU
		{8CF6FEA4-624C-4EC9-93D6-EB7626059D7C}.Debug|x86.Build.0 = Debug|Any CPU
		{8CF6FEA4-624C-4EC9-93D6-EB7626059D7C}.Release|Any CPU.ActiveCfg = Release|Any CPU
		{8CF6FEA4-624C-4EC9-93D6-EB7626059D7C}.Release|Any CPU.Build.0 = Release|Any CPU
		{8CF6FEA4-624C-4EC9-93D6-EB7626059D7C}.Release|x64.ActiveCfg = Release|Any CPU
		{8CF6FEA4-624C-4EC9-93D6-EB7626059D7C}.Release|x64.Build.0 = Release|Any CPU
		{8CF6FEA4-624C-4EC9-93D6-EB7626059D7C}.Release|x86.ActiveCfg = Release|Any CPU
		{8CF6FEA4-624C-4EC9-93D6-EB7626059D7C}.Release|x86.Build.0 = Release|Any CPU
		{EADCD78B-04D5-4FE3-855C-E3015531EC8E}.Debug|Any CPU.ActiveCfg = Debug|Any CPU
		{EADCD78B-04D5-4FE3-855C-E3015531EC8E}.Debug|Any CPU.Build.0 = Debug|Any CPU
		{EADCD78B-04D5-4FE3-855C-E3015531EC8E}.Debug|x64.ActiveCfg = Debug|Any CPU
		{EADCD78B-04D5-4FE3-855C-E3015531EC8E}.Debug|x64.Build.0 = Debug|Any CPU
		{EADCD78B-04D5-4FE3-855C-E3015531EC8E}.Debug|x86.ActiveCfg = Debug|Any CPU
		{EADCD78B-04D5-4FE3-855C-E3015531EC8E}.Debug|x86.Build.0 = Debug|Any CPU
		{EADCD78B-04D5-4FE3-855C-E3015531EC8E}.Release|Any CPU.ActiveCfg = Release|Any CPU
		{EADCD78B-04D5-4FE3-855C-E3015531EC8E}.Release|Any CPU.Build.0 = Release|Any CPU
		{EADCD78B-04D5-4FE3-855C-E3015531EC8E}.Release|x64.ActiveCfg = Release|Any CPU
		{EADCD78B-04D5-4FE3-855C-E3015531EC8E}.Release|x64.Build.0 = Release|Any CPU
		{EADCD78B-04D5-4FE3-855C-E3015531EC8E}.Release|x86.ActiveCfg = Release|Any CPU
		{EADCD78B-04D5-4FE3-855C-E3015531EC8E}.Release|x86.Build.0 = Release|Any CPU
		{B7C4D2E1-5A6F-4B8A-9C3D-1E2F4A5B6C7D}.Debug|Any CPU.ActiveCfg = Debug|Any CPU
		{B7C4D2E1-5A6F-4B8A-9C3D-1E2F4A5B6C7D}.Debug|Any CPU.Build.0 = Debug|Any CPU
		{B7C4D2E1-5A6F-4B8A-9C3D-1E2F4A5B6C7D}.Debug|x64.ActiveCfg = Debug|Any CPU
		{B7C4D2E1-5A6F-4B8A-9C3D-1E2F4A5B6C7D}.Debug|x64.Build.0 = Debug|Any CPU
		{B7C4D2E1-5A6F-4B8A-9C3D-1E2F4A5B6C7D}.Debug|x86.ActiveCfg = Debug|Any CPU
		{B7C4D2E1-5A6F-4B8A-9C3D-1E2F4A5B6C7D}.Debug|x86.Build.0 = Debug|Any CPU
		{B7C4D2E1-5A6F-4B8A-9C3D-1E2F4A5B6C7D}.Release|Any CPU.ActiveCfg = Release|Any CPU
		{B7C4D2E1-5A6F-4B8A-9C3D-1E2F4A5B6C7D}.Release|Any CPU.Build.0 = Release|Any CPU
		{B7C4D2E1-5A6F-4B8A-9C3D-1E2F4A5B6C7D}.Release|x64.ActiveCfg = Release|Any CPU
		{B7C4D2E1-5A6F-4B8A-9C3D-1E2F4A5B6C7D}.Release|x64.Build.0 = Release|Any CPU
		{B7C4D2E1-5A6F-4B8A-9C3D-1E2F4A5B6C7D}.Release|x86.ActiveCfg = Release|Any CPU
		{B7C4D2E1-5A6F-4B8A-9C3D-1E2F4A5B6C7D}.Release|x86.Build.0 = Release|Any CPU
		{9450EAC6-1F33-4BE1-89E3-0275885FE3EE}.Debug|Any CPU.ActiveCfg = Debug|Any CPU
		{9450EAC6-1F33-4BE1-89E3-0275885FE3EE}.Debug|Any CPU.Build.0 = Debug|Any CPU
		{9450EAC6-1F33-4BE1-89E3-0275885FE3EE}.Debug|x64.ActiveCfg = Debug|Any CPU
		{9450EAC6-1F33-4BE1-89E3-0275885FE3EE}.Debug|x64.Build.0 = Debug|Any CPU
		{9450EAC6-1F33-4BE1-89E3-0275885FE3EE}.Debug|x86.ActiveCfg = Debug|Any CPU
		{9450EAC6-1F33-4BE1-89E3-0275885FE3EE}.Debug|x86.Build.0 = Debug|Any CPU
		{9450EAC6-1F33-4BE1-89E3-0275885FE3EE}.Release|Any CPU.ActiveCfg = Release|Any CPU
		{9450EAC6-1F33-4BE1-89E3-0275885FE3EE}.Release|Any CPU.Build.0 = Release|Any CPU
		{9450EAC6-1F33-4BE1-89E3-0275885FE3EE}.Release|x64.ActiveCfg = Release|Any CPU
		{9450EAC6-1F33-4BE1-89E3-0275885FE3EE}.Release|x64.Build.0 = Release|Any CPU
		{9450EAC6-1F33-4BE1-89E3-0275885FE3EE}.Release|x86.ActiveCfg = Release|Any CPU
		{9450EAC6-1F33-4BE1-89E3-0275885FE3EE}.Release|x86.Build.0 = Release|Any CPU
		{E6449D94-C33A-41CE-9047-7298CF20C311}.Debug|Any CPU.ActiveCfg = Debug|Any CPU
		{E6449D94-C33A-41CE-9047-7298CF20C311}.Debug|Any CPU.Build.0 = Debug|Any CPU
		{E6449D94-C33A-41CE-9047-7298CF20C311}.Debug|x64.ActiveCfg = Debug|Any CPU
		{E6449D94-C33A-41CE-9047-7298CF20C311}.Debug|x64.Build.0 = Debug|Any CPU
		{E6449D94-C33A-41CE-9047-7298CF20C311}.Debug|x86.ActiveCfg = Debug|Any CPU
		{E6449D94-C33A-41CE-9047-7298CF20C311}.Debug|x86.Build.0 = Debug|Any CPU
		{E6449D94-C33A-41CE-9047-7298CF20C311}.Release|Any CPU.ActiveCfg = Release|Any CPU
		{E6449D94-C33A-41CE-9047-7298CF20C311}.Release|Any CPU.Build.0 = Release|Any CPU
		{E6449D94-C33A-41CE-9047-7298CF20C311}.Release|x64.ActiveCfg = Release|Any CPU
		{E6449D94-C33A-41CE-9047-7298CF20C311}.Release|x64.Build.0 = Release|Any CPU
		{E6449D94-C33A-41CE-9047-7298CF20C311}.Release|x86.ActiveCfg = Release|Any CPU
		{E6449D94-C33A-41CE-9047-7298CF20C311}.Release|x86.Build.0 = Release|Any CPU
		{45774AE5-23DB-424B-8E2A-B355ADEFB777}.Debug|Any CPU.ActiveCfg = Debug|Any CPU
		{45774AE5-23DB-424B-8E2A-B355ADEFB777}.Debug|Any CPU.Build.0 = Debug|Any CPU
		{45774AE5-23DB-424B-8E2A-B355ADEFB777}.Debug|x64.ActiveCfg = Debug|Any CPU
		{45774AE5-23DB-424B-8E2A-B355ADEFB777}.Debug|x64.Build.0 = Debug|Any CPU
		{45774AE5-23DB-424B-8E2A-B355ADEFB777}.Debug|x86.ActiveCfg = Debug|Any CPU
		{45774AE5-23DB-424B-8E2A-B355ADEFB777}.Debug|x86.Build.0 = Debug|Any CPU
		{45774AE5-23DB-424B-8E2A-B355ADEFB777}.Release|Any CPU.ActiveCfg = Release|Any CPU
		{45774AE5-23DB-424B-8E2A-B355ADEFB777}.Release|Any CPU.Build.0 = Release|Any CPU
		{45774AE5-23DB-424B-8E2A-B355ADEFB777}.Release|x64.ActiveCfg = Release|Any CPU
		{45774AE5-23DB-424B-8E2A-B355ADEFB777}.Release|x64.Build.0 = Release|Any CPU
		{45774AE5-23DB-424B-8E2A-B355ADEFB777}.Release|x86.ActiveCfg = Release|Any CPU
		{45774AE5-23DB-424B-8E2A-B355ADEFB777}.Release|x86.Build.0 = Release|Any CPU
		{BEF177F3-99E7-4649-86AB-B4235B9A95ED}.Debug|Any CPU.ActiveCfg = Debug|Any CPU
		{BEF177F3-99E7-4649-86AB-B4235B9A95ED}.Debug|Any CPU.Build.0 = Debug|Any CPU
		{BEF177F3-99E7-4649-86AB-B4235B9A95ED}.Debug|x64.ActiveCfg = Debug|Any CPU
		{BEF177F3-99E7-4649-86AB-B4235B9A95ED}.Debug|x64.Build.0 = Debug|Any CPU
		{BEF177F3-99E7-4649-86AB-B4235B9A95ED}.Debug|x86.ActiveCfg = Debug|Any CPU
		{BEF177F3-99E7-4649-86AB-B4235B9A95ED}.Debug|x86.Build.0 = Debug|Any CPU
		{BEF177F3-99E7-4649-86AB-B4235B9A95ED}.Release|Any CPU.ActiveCfg = Release|Any CPU
		{BEF177F3-99E7-4649-86AB-B4235B9A95ED}.Release|Any CPU.Build.0 = Release|Any CPU
		{BEF177F3-99E7-4649-86AB-B4235B9A95ED}.Release|x64.ActiveCfg = Release|Any CPU
		{BEF177F3-99E7-4649-86AB-B4235B9A95ED}.Release|x64.Build.0 = Release|Any CPU
		{BEF177F3-99E7-4649-86AB-B4235B9A95ED}.Release|x86.ActiveCfg = Release|Any CPU
		{BEF177F3-99E7-4649-86AB-B4235B9A95ED}.Release|x86.Build.0 = Release|Any CPU
		{7C2AB7E7-F58B-4F96-BDFB-05E403BD999B}.Debug|Any CPU.ActiveCfg = Debug|Any CPU
		{7C2AB7E7-F58B-4F96-BDFB-05E403BD999B}.Debug|Any CPU.Build.0 = Debug|Any CPU
		{7C2AB7E7-F58B-4F96-BDFB-05E403BD999B}.Debug|x64.ActiveCfg = Debug|Any CPU
		{7C2AB7E7-F58B-4F96-BDFB-05E403BD999B}.Debug|x64.Build.0 = Debug|Any CPU
		{7C2AB7E7-F58B-4F96-BDFB-05E403BD999B}.Debug|x86.ActiveCfg = Debug|Any CPU
		{7C2AB7E7-F58B-4F96-BDFB-05E403BD999B}.Debug|x86.Build.0 = Debug|Any CPU
		{7C2AB7E7-F58B-4F96-BDFB-05E403BD999B}.Release|Any CPU.ActiveCfg = Release|Any CPU
		{7C2AB7E7-F58B-4F96-BDFB-05E403BD999B}.Release|Any CPU.Build.0 = Release|Any CPU
		{7C2AB7E7-F58B-4F96-BDFB-05E403BD999B}.Release|x64.ActiveCfg = Release|Any CPU
		{7C2AB7E7-F58B-4F96-BDFB-05E403BD999B}.Release|x64.Build.0 = Release|Any CPU
		{7C2AB7E7-F58B-4F96-BDFB-05E403BD999B}.Release|x86.ActiveCfg = Release|Any CPU
		{7C2AB7E7-F58B-4F96-BDFB-05E403BD999B}.Release|x86.Build.0 = Release|Any CPU
		{4E7353D5-5F1C-43A1-B792-6CD1D5DBDB91}.Debug|Any CPU.ActiveCfg = Debug|Any CPU
		{4E7353D5-5F1C-43A1-B792-6CD1D5DBDB91}.Debug|Any CPU.Build.0 = Debug|Any CPU
		{4E7353D5-5F1C-43A1-B792-6CD1D5DBDB91}.Debug|x64.ActiveCfg = Debug|Any CPU
		{4E7353D5-5F1C-43A1-B792-6CD1D5DBDB91}.Debug|x64.Build.0 = Debug|Any CPU
		{4E7353D5-5F1C-43A1-B792-6CD1D5DBDB91}.Debug|x86.ActiveCfg = Debug|Any CPU
		{4E7353D5-5F1C-43A1-B792-6CD1D5DBDB91}.Debug|x86.Build.0 = Debug|Any CPU
		{4E7353D5-5F1C-43A1-B792-6CD1D5DBDB91}.Release|Any CPU.ActiveCfg = Release|Any CPU
		{4E7353D5-5F1C-43A1-B792-6CD1D5DBDB91}.Release|Any CPU.Build.0 = Release|Any CPU
		{4E7353D5-5F1C-43A1-B792-6CD1D5DBDB91}.Release|x64.ActiveCfg = Release|Any CPU
		{4E7353D5-5F1C-43A1-B792-6CD1D5DBDB91}.Release|x64.Build.0 = Release|Any CPU
		{4E7353D5-5F1C-43A1-B792-6CD1D5DBDB91}.Release|x86.ActiveCfg = Release|Any CPU
		{4E7353D5-5F1C-43A1-B792-6CD1D5DBDB91}.Release|x86.Build.0 = Release|Any CPU
		{A6BC3F8B-CAB8-4F3B-BD89-B7428697DE61}.Debug|Any CPU.ActiveCfg = Debug|Any CPU
		{A6BC3F8B-CAB8-4F3B-BD89-B7428697DE61}.Debug|Any CPU.Build.0 = Debug|Any CPU
		{A6BC3F8B-CAB8-4F3B-BD89-B7428697DE61}.Debug|x64.ActiveCfg = Debug|Any CPU
		{A6BC3F8B-CAB8-4F3B-BD89-B7428697DE61}.Debug|x64.Build.0 = Debug|Any CPU
		{A6BC3F8B-CAB8-4F3B-BD89-B7428697DE61}.Debug|x86.ActiveCfg = Debug|Any CPU
		{A6BC3F8B-CAB8-4F3B-BD89-B7428697DE61}.Debug|x86.Build.0 = Debug|Any CPU
		{A6BC3F8B-CAB8-4F3B-BD89-B7428697DE61}.Release|Any CPU.ActiveCfg = Release|Any CPU
		{A6BC3F8B-CAB8-4F3B-BD89-B7428697DE61}.Release|Any CPU.Build.0 = Release|Any CPU
		{A6BC3F8B-CAB8-4F3B-BD89-B7428697DE61}.Release|x64.ActiveCfg = Release|Any CPU
		{A6BC3F8B-CAB8-4F3B-BD89-B7428697DE61}.Release|x64.Build.0 = Release|Any CPU
		{A6BC3F8B-CAB8-4F3B-BD89-B7428697DE61}.Release|x86.ActiveCfg = Release|Any CPU
		{A6BC3F8B-CAB8-4F3B-BD89-B7428697DE61}.Release|x86.Build.0 = Release|Any CPU
		{52245330-641B-4E14-823A-10B3D9105D58}.Debug|Any CPU.ActiveCfg = Debug|Any CPU
		{52245330-641B-4E14-823A-10B3D9105D58}.Debug|Any CPU.Build.0 = Debug|Any CPU
		{52245330-641B-4E14-823A-10B3D9105D58}.Debug|x64.ActiveCfg = Debug|Any CPU
		{52245330-641B-4E14-823A-10B3D9105D58}.Debug|x64.Build.0 = Debug|Any CPU
		{52245330-641B-4E14-823A-10B3D9105D58}.Debug|x86.ActiveCfg = Debug|Any CPU
		{52245330-641B-4E14-823A-10B3D9105D58}.Debug|x86.Build.0 = Debug|Any CPU
		{52245330-641B-4E14-823A-10B3D9105D58}.Release|Any CPU.ActiveCfg = Release|Any CPU
		{52245330-641B-4E14-823A-10B3D9105D58}.Release|Any CPU.Build.0 = Release|Any CPU
		{52245330-641B-4E14-823A-10B3D9105D58}.Release|x64.ActiveCfg = Release|Any CPU
		{52245330-641B-4E14-823A-10B3D9105D58}.Release|x64.Build.0 = Release|Any CPU
		{52245330-641B-4E14-823A-10B3D9105D58}.Release|x86.ActiveCfg = Release|Any CPU
		{52245330-641B-4E14-823A-10B3D9105D58}.Release|x86.Build.0 = Release|Any CPU
		{697F6057-DBDC-40B9-A7E5-02F295BC18B3}.Debug|Any CPU.ActiveCfg = Debug|Any CPU
		{697F6057-DBDC-40B9-A7E5-02F295BC18B3}.Debug|Any CPU.Build.0 = Debug|Any CPU
		{697F6057-DBDC-40B9-A7E5-02F295BC18B3}.Debug|x64.ActiveCfg = Debug|Any CPU
		{697F6057-DBDC-40B9-A7E5-02F295BC18B3}.Debug|x64.Build.0 = Debug|Any CPU
		{697F6057-DBDC-40B9-A7E5-02F295BC18B3}.Debug|x86.ActiveCfg = Debug|Any CPU
		{697F6057-DBDC-40B9-A7E5-02F295BC18B3}.Debug|x86.Build.0 = Debug|Any CPU
		{697F6057-DBDC-40B9-A7E5-02F295BC18B3}.Release|Any CPU.ActiveCfg = Release|Any CPU
		{697F6057-DBDC-40B9-A7E5-02F295BC18B3}.Release|Any CPU.Build.0 = Release|Any CPU
		{697F6057-DBDC-40B9-A7E5-02F295BC18B3}.Release|x64.ActiveCfg = Release|Any CPU
		{697F6057-DBDC-40B9-A7E5-02F295BC18B3}.Release|x64.Build.0 = Release|Any CPU
		{697F6057-DBDC-40B9-A7E5-02F295BC18B3}.Release|x86.ActiveCfg = Release|Any CPU
		{697F6057-DBDC-40B9-A7E5-02F295BC18B3}.Release|x86.Build.0 = Release|Any CPU
		{4BE18EDC-02ED-47E2-A23A-3F6650ADAF0A}.Debug|Any CPU.ActiveCfg = Debug|Any CPU
		{4BE18EDC-02ED-47E2-A23A-3F6650ADAF0A}.Debug|Any CPU.Build.0 = Debug|Any CPU
		{4BE18EDC-02ED-47E2-A23A-3F6650ADAF0A}.Debug|x64.ActiveCfg = Debug|Any CPU
		{4BE18EDC-02ED-47E2-A23A-3F6650ADAF0A}.Debug|x64.Build.0 = Debug|Any CPU
		{4BE18EDC-02ED-47E2-A23A-3F6650ADAF0A}.Debug|x86.ActiveCfg = Debug|Any CPU
		{4BE18EDC-02ED-47E2-A23A-3F6650ADAF0A}.Debug|x86.Build.0 = Debug|Any CPU
		{4BE18EDC-02ED-47E2-A23A-3F6650ADAF0A}.Release|Any CPU.ActiveCfg = Release|Any CPU
		{4BE18EDC-02ED-47E2-A23A-3F6650ADAF0A}.Release|Any CPU.Build.0 = Release|Any CPU
		{4BE18EDC-02ED-47E2-A23A-3F6650ADAF0A}.Release|x64.ActiveCfg = Release|Any CPU
		{4BE18EDC-02ED-47E2-A23A-3F6650ADAF0A}.Release|x64.Build.0 = Release|Any CPU
		{4BE18EDC-02ED-47E2-A23A-3F6650ADAF0A}.Release|x86.ActiveCfg = Release|Any CPU
		{4BE18EDC-02ED-47E2-A23A-3F6650ADAF0A}.Release|x86.Build.0 = Release|Any CPU
		{3FE25467-CBC6-438F-BB96-6601AF56E937}.Debug|Any CPU.ActiveCfg = Debug|Any CPU
		{3FE25467-CBC6-438F-BB96-6601AF56E937}.Debug|Any CPU.Build.0 = Debug|Any CPU
		{3FE25467-CBC6-438F-BB96-6601AF56E937}.Debug|x64.ActiveCfg = Debug|Any CPU
		{3FE25467-CBC6-438F-BB96-6601AF56E937}.Debug|x64.Build.0 = Debug|Any CPU
		{3FE25467-CBC6-438F-BB96-6601AF56E937}.Debug|x86.ActiveCfg = Debug|Any CPU
		{3FE25467-CBC6-438F-BB96-6601AF56E937}.Debug|x86.Build.0 = Debug|Any CPU
		{3FE25467-CBC6-438F-BB96-6601AF56E937}.Release|Any CPU.ActiveCfg = Release|Any CPU
		{3FE25467-CBC6-438F-BB96-6601AF56E937}.Release|Any CPU.Build.0 = Release|Any CPU
		{3FE25467-CBC6-438F-BB96-6601AF56E937}.Release|x64.ActiveCfg = Release|Any CPU
		{3FE25467-CBC6-438F-BB96-6601AF56E937}.Release|x64.Build.0 = Release|Any CPU
		{3FE25467-CBC6-438F-BB96-6601AF56E937}.Release|x86.ActiveCfg = Release|Any CPU
		{3FE25467-CBC6-438F-BB96-6601AF56E937}.Release|x86.Build.0 = Release|Any CPU
		{8336763E-26CE-4598-8438-26C7FFD60A2E}.Debug|Any CPU.ActiveCfg = Debug|Any CPU
		{8336763E-26CE-4598-8438-26C7FFD60A2E}.Debug|Any CPU.Build.0 = Debug|Any CPU
		{8336763E-26CE-4598-8438-26C7FFD60A2E}.Debug|x64.ActiveCfg = Debug|Any CPU
		{8336763E-26CE-4598-8438-26C7FFD60A2E}.Debug|x64.Build.0 = Debug|Any CPU
		{8336763E-26CE-4598-8438-26C7FFD60A2E}.Debug|x86.ActiveCfg = Debug|Any CPU
		{8336763E-26CE-4598-8438-26C7FFD60A2E}.Debug|x86.Build.0 = Debug|Any CPU
		{8336763E-26CE-4598-8438-26C7FFD60A2E}.Release|Any CPU.ActiveCfg = Release|Any CPU
		{8336763E-26CE-4598-8438-26C7FFD60A2E}.Release|Any CPU.Build.0 = Release|Any CPU
		{8336763E-26CE-4598-8438-26C7FFD60A2E}.Release|x64.ActiveCfg = Release|Any CPU
		{8336763E-26CE-4598-8438-26C7FFD60A2E}.Release|x64.Build.0 = Release|Any CPU
		{8336763E-26CE-4598-8438-26C7FFD60A2E}.Release|x86.ActiveCfg = Release|Any CPU
		{8336763E-26CE-4598-8438-26C7FFD60A2E}.Release|x86.Build.0 = Release|Any CPU
		{B03AA3FE-4716-482C-8880-7BF3D9682A9F}.Debug|Any CPU.ActiveCfg = Debug|Any CPU
		{B03AA3FE-4716-482C-8880-7BF3D9682A9F}.Debug|Any CPU.Build.0 = Debug|Any CPU
		{B03AA3FE-4716-482C-8880-7BF3D9682A9F}.Debug|x64.ActiveCfg = Debug|Any CPU
		{B03AA3FE-4716-482C-8880-7BF3D9682A9F}.Debug|x64.Build.0 = Debug|Any CPU
		{B03AA3FE-4716-482C-8880-7BF3D9682A9F}.Debug|x86.ActiveCfg = Debug|Any CPU
		{B03AA3FE-4716-482C-8880-7BF3D9682A9F}.Debug|x86.Build.0 = Debug|Any CPU
		{B03AA3FE-4716-482C-8880-7BF3D9682A9F}.Release|Any CPU.ActiveCfg = Release|Any CPU
		{B03AA3FE-4716-482C-8880-7BF3D9682A9F}.Release|Any CPU.Build.0 = Release|Any CPU
		{B03AA3FE-4716-482C-8880-7BF3D9682A9F}.Release|x64.ActiveCfg = Release|Any CPU
		{B03AA3FE-4716-482C-8880-7BF3D9682A9F}.Release|x64.Build.0 = Release|Any CPU
		{B03AA3FE-4716-482C-8880-7BF3D9682A9F}.Release|x86.ActiveCfg = Release|Any CPU
		{B03AA3FE-4716-482C-8880-7BF3D9682A9F}.Release|x86.Build.0 = Release|Any CPU
		{09F90296-A229-4CA2-8635-15B5893FE2EA}.Debug|Any CPU.ActiveCfg = Debug|Any CPU
		{09F90296-A229-4CA2-8635-15B5893FE2EA}.Debug|Any CPU.Build.0 = Debug|Any CPU
		{09F90296-A229-4CA2-8635-15B5893FE2EA}.Debug|x64.ActiveCfg = Debug|Any CPU
		{09F90296-A229-4CA2-8635-15B5893FE2EA}.Debug|x64.Build.0 = Debug|Any CPU
		{09F90296-A229-4CA2-8635-15B5893FE2EA}.Debug|x86.ActiveCfg = Debug|Any CPU
		{09F90296-A229-4CA2-8635-15B5893FE2EA}.Debug|x86.Build.0 = Debug|Any CPU
		{09F90296-A229-4CA2-8635-15B5893FE2EA}.Release|Any CPU.ActiveCfg = Release|Any CPU
		{09F90296-A229-4CA2-8635-15B5893FE2EA}.Release|Any CPU.Build.0 = Release|Any CPU
		{09F90296-A229-4CA2-8635-15B5893FE2EA}.Release|x64.ActiveCfg = Release|Any CPU
		{09F90296-A229-4CA2-8635-15B5893FE2EA}.Release|x64.Build.0 = Release|Any CPU
		{09F90296-A229-4CA2-8635-15B5893FE2EA}.Release|x86.ActiveCfg = Release|Any CPU
		{09F90296-A229-4CA2-8635-15B5893FE2EA}.Release|x86.Build.0 = Release|Any CPU
		{C4C9EA32-AF10-4D03-9907-8EA9EA06EBFB}.Debug|Any CPU.ActiveCfg = Debug|Any CPU
		{C4C9EA32-AF10-4D03-9907-8EA9EA06EBFB}.Debug|Any CPU.Build.0 = Debug|Any CPU
		{C4C9EA32-AF10-4D03-9907-8EA9EA06EBFB}.Debug|x64.ActiveCfg = Debug|Any CPU
		{C4C9EA32-AF10-4D03-9907-8EA9EA06EBFB}.Debug|x64.Build.0 = Debug|Any CPU
		{C4C9EA32-AF10-4D03-9907-8EA9EA06EBFB}.Debug|x86.ActiveCfg = Debug|Any CPU
		{C4C9EA32-AF10-4D03-9907-8EA9EA06EBFB}.Debug|x86.Build.0 = Debug|Any CPU
		{C4C9EA32-AF10-4D03-9907-8EA9EA06EBFB}.Release|Any CPU.ActiveCfg = Release|Any CPU
		{C4C9EA32-AF10-4D03-9907-8EA9EA06EBFB}.Release|Any CPU.Build.0 = Release|Any CPU
		{C4C9EA32-AF10-4D03-9907-8EA9EA06EBFB}.Release|x64.ActiveCfg = Release|Any CPU
		{C4C9EA32-AF10-4D03-9907-8EA9EA06EBFB}.Release|x64.Build.0 = Release|Any CPU
		{C4C9EA32-AF10-4D03-9907-8EA9EA06EBFB}.Release|x86.ActiveCfg = Release|Any CPU
		{C4C9EA32-AF10-4D03-9907-8EA9EA06EBFB}.Release|x86.Build.0 = Release|Any CPU
		{FEC00EBD-6A64-4280-B0F7-1EC5321C294A}.Debug|Any CPU.ActiveCfg = Debug|Any CPU
		{FEC00EBD-6A64-4280-B0F7-1EC5321C294A}.Debug|Any CPU.Build.0 = Debug|Any CPU
		{FEC00EBD-6A64-4280-B0F7-1EC5321C294A}.Debug|x64.ActiveCfg = Debug|Any CPU
		{FEC00EBD-6A64-4280-B0F7-1EC5321C294A}.Debug|x64.Build.0 = Debug|Any CPU
		{FEC00EBD-6A64-4280-B0F7-1EC5321C294A}.Debug|x86.ActiveCfg = Debug|Any CPU
		{FEC00EBD-6A64-4280-B0F7-1EC5321C294A}.Debug|x86.Build.0 = Debug|Any CPU
		{FEC00EBD-6A64-4280-B0F7-1EC5321C294A}.Release|Any CPU.ActiveCfg = Release|Any CPU
		{FEC00EBD-6A64-4280-B0F7-1EC5321C294A}.Release|Any CPU.Build.0 = Release|Any CPU
		{FEC00EBD-6A64-4280-B0F7-1EC5321C294A}.Release|x64.ActiveCfg = Release|Any CPU
		{FEC00EBD-6A64-4280-B0F7-1EC5321C294A}.Release|x64.Build.0 = Release|Any CPU
		{FEC00EBD-6A64-4280-B0F7-1EC5321C294A}.Release|x86.ActiveCfg = Release|Any CPU
		{FEC00EBD-6A64-4280-B0F7-1EC5321C294A}.Release|x86.Build.0 = Release|Any CPU
		{16F65859-93AB-499F-A0BE-9EC05E20435F}.Debug|Any CPU.ActiveCfg = Debug|Any CPU
		{16F65859-93AB-499F-A0BE-9EC05E20435F}.Debug|Any CPU.Build.0 = Debug|Any CPU
		{16F65859-93AB-499F-A0BE-9EC05E20435F}.Debug|x64.ActiveCfg = Debug|Any CPU
		{16F65859-93AB-499F-A0BE-9EC05E20435F}.Debug|x64.Build.0 = Debug|Any CPU
		{16F65859-93AB-499F-A0BE-9EC05E20435F}.Debug|x86.ActiveCfg = Debug|Any CPU
		{16F65859-93AB-499F-A0BE-9EC05E20435F}.Debug|x86.Build.0 = Debug|Any CPU
		{16F65859-93AB-499F-A0BE-9EC05E20435F}.Release|Any CPU.ActiveCfg = Release|Any CPU
		{16F65859-93AB-499F-A0BE-9EC05E20435F}.Release|Any CPU.Build.0 = Release|Any CPU
		{16F65859-93AB-499F-A0BE-9EC05E20435F}.Release|x64.ActiveCfg = Release|Any CPU
		{16F65859-93AB-499F-A0BE-9EC05E20435F}.Release|x64.Build.0 = Release|Any CPU
		{16F65859-93AB-499F-A0BE-9EC05E20435F}.Release|x86.ActiveCfg = Release|Any CPU
		{16F65859-93AB-499F-A0BE-9EC05E20435F}.Release|x86.Build.0 = Release|Any CPU
		{A5E8D4C1-2B3C-4D5E-8F6A-7B8C9D0E1F20}.Debug|Any CPU.ActiveCfg = Debug|Any CPU
		{A5E8D4C1-2B3C-4D5E-8F6A-7B8C9D0E1F20}.Debug|Any CPU.Build.0 = Debug|Any CPU
		{A5E8D4C1-2B3C-4D5E-8F6A-7B8C9D0E1F20}.Debug|x64.ActiveCfg = Debug|Any CPU
		{A5E8D4C1-2B3C-4D5E-8F6A-7B8C9D0E1F20}.Debug|x64.Build.0 = Debug|Any CPU
		{A5E8D4C1-2B3C-4D5E-8F6A-7B8C9D0E1F20}.Debug|x86.ActiveCfg = Debug|Any CPU
		{A5E8D4C1-2B3C-4D5E-8F6A-7B8C9D0E1F20}.Debug|x86.Build.0 = Debug|Any CPU
		{A5E8D4C1-2B3C-4D5E-8F6A-7B8C9D0E1F20}.Release|Any CPU.ActiveCfg = Release|Any CPU
		{A5E8D4C1-2B3C-4D5E-8F6A-7B8C9D0E1F20}.Release|Any CPU.Build.0 = Release|Any CPU
		{A5E8D4C1-2B3C-4D5E-8F6A-7B8C9D0E1F20}.Release|x64.ActiveCfg = Release|Any CPU
		{A5E8D4C1-2B3C-4D5E-8F6A-7B8C9D0E1F20}.Release|x64.Build.0 = Release|Any CPU
		{A5E8D4C1-2B3C-4D5E-8F6A-7B8C9D0E1F20}.Release|x86.ActiveCfg = Release|Any CPU
		{A5E8D4C1-2B3C-4D5E-8F6A-7B8C9D0E1F20}.Release|x86.Build.0 = Release|Any CPU
		{B6F9E5D2-3C4D-5E6F-9A7B-8C9D0E1F2A31}.Debug|Any CPU.ActiveCfg = Debug|Any CPU
		{B6F9E5D2-3C4D-5E6F-9A7B-8C9D0E1F2A31}.Debug|Any CPU.Build.0 = Debug|Any CPU
		{B6F9E5D2-3C4D-5E6F-9A7B-8C9D0E1F2A31}.Debug|x64.ActiveCfg = Debug|Any CPU
		{B6F9E5D2-3C4D-5E6F-9A7B-8C9D0E1F2A31}.Debug|x64.Build.0 = Debug|Any CPU
		{B6F9E5D2-3C4D-5E6F-9A7B-8C9D0E1F2A31}.Debug|x86.ActiveCfg = Debug|Any CPU
		{B6F9E5D2-3C4D-5E6F-9A7B-8C9D0E1F2A31}.Debug|x86.Build.0 = Debug|Any CPU
		{B6F9E5D2-3C4D-5E6F-9A7B-8C9D0E1F2A31}.Release|Any CPU.ActiveCfg = Release|Any CPU
		{B6F9E5D2-3C4D-5E6F-9A7B-8C9D0E1F2A31}.Release|Any CPU.Build.0 = Release|Any CPU
		{B6F9E5D2-3C4D-5E6F-9A7B-8C9D0E1F2A31}.Release|x64.ActiveCfg = Release|Any CPU
		{B6F9E5D2-3C4D-5E6F-9A7B-8C9D0E1F2A31}.Release|x64.Build.0 = Release|Any CPU
		{B6F9E5D2-3C4D-5E6F-9A7B-8C9D0E1F2A31}.Release|x86.ActiveCfg = Release|Any CPU
		{B6F9E5D2-3C4D-5E6F-9A7B-8C9D0E1F2A31}.Release|x86.Build.0 = Release|Any CPU
		{65AA7896-2DE2-4F07-A1B2-C1E1774521C2}.Debug|Any CPU.ActiveCfg = Debug|Any CPU
		{65AA7896-2DE2-4F07-A1B2-C1E1774521C2}.Debug|Any CPU.Build.0 = Debug|Any CPU
		{65AA7896-2DE2-4F07-A1B2-C1E1774521C2}.Debug|x64.ActiveCfg = Debug|Any CPU
		{65AA7896-2DE2-4F07-A1B2-C1E1774521C2}.Debug|x64.Build.0 = Debug|Any CPU
		{65AA7896-2DE2-4F07-A1B2-C1E1774521C2}.Debug|x86.ActiveCfg = Debug|Any CPU
		{65AA7896-2DE2-4F07-A1B2-C1E1774521C2}.Debug|x86.Build.0 = Debug|Any CPU
		{65AA7896-2DE2-4F07-A1B2-C1E1774521C2}.Release|Any CPU.ActiveCfg = Release|Any CPU
		{65AA7896-2DE2-4F07-A1B2-C1E1774521C2}.Release|Any CPU.Build.0 = Release|Any CPU
		{65AA7896-2DE2-4F07-A1B2-C1E1774521C2}.Release|x64.ActiveCfg = Release|Any CPU
		{65AA7896-2DE2-4F07-A1B2-C1E1774521C2}.Release|x64.Build.0 = Release|Any CPU
		{65AA7896-2DE2-4F07-A1B2-C1E1774521C2}.Release|x86.ActiveCfg = Release|Any CPU
		{65AA7896-2DE2-4F07-A1B2-C1E1774521C2}.Release|x86.Build.0 = Release|Any CPU
		{EBE84E94-60C3-4D04-8802-F81ACA74DE21}.Debug|Any CPU.ActiveCfg = Debug|Any CPU
		{EBE84E94-60C3-4D04-8802-F81ACA74DE21}.Debug|Any CPU.Build.0 = Debug|Any CPU
		{EBE84E94-60C3-4D04-8802-F81ACA74DE21}.Debug|x64.ActiveCfg = Debug|Any CPU
		{EBE84E94-60C3-4D04-8802-F81ACA74DE21}.Debug|x64.Build.0 = Debug|Any CPU
		{EBE84E94-60C3-4D04-8802-F81ACA74DE21}.Debug|x86.ActiveCfg = Debug|Any CPU
		{EBE84E94-60C3-4D04-8802-F81ACA74DE21}.Debug|x86.Build.0 = Debug|Any CPU
		{EBE84E94-60C3-4D04-8802-F81ACA74DE21}.Release|Any CPU.ActiveCfg = Release|Any CPU
		{EBE84E94-60C3-4D04-8802-F81ACA74DE21}.Release|Any CPU.Build.0 = Release|Any CPU
		{EBE84E94-60C3-4D04-8802-F81ACA74DE21}.Release|x64.ActiveCfg = Release|Any CPU
		{EBE84E94-60C3-4D04-8802-F81ACA74DE21}.Release|x64.Build.0 = Release|Any CPU
		{EBE84E94-60C3-4D04-8802-F81ACA74DE21}.Release|x86.ActiveCfg = Release|Any CPU
		{EBE84E94-60C3-4D04-8802-F81ACA74DE21}.Release|x86.Build.0 = Release|Any CPU
		{46E92994-64C6-44CE-8039-D930775C532A}.Debug|Any CPU.ActiveCfg = Debug|Any CPU
		{46E92994-64C6-44CE-8039-D930775C532A}.Debug|Any CPU.Build.0 = Debug|Any CPU
		{46E92994-64C6-44CE-8039-D930775C532A}.Debug|x64.ActiveCfg = Debug|Any CPU
		{46E92994-64C6-44CE-8039-D930775C532A}.Debug|x64.Build.0 = Debug|Any CPU
		{46E92994-64C6-44CE-8039-D930775C532A}.Debug|x86.ActiveCfg = Debug|Any CPU
		{46E92994-64C6-44CE-8039-D930775C532A}.Debug|x86.Build.0 = Debug|Any CPU
		{46E92994-64C6-44CE-8039-D930775C532A}.Release|Any CPU.ActiveCfg = Release|Any CPU
		{46E92994-64C6-44CE-8039-D930775C532A}.Release|Any CPU.Build.0 = Release|Any CPU
		{46E92994-64C6-44CE-8039-D930775C532A}.Release|x64.ActiveCfg = Release|Any CPU
		{46E92994-64C6-44CE-8039-D930775C532A}.Release|x64.Build.0 = Release|Any CPU
		{46E92994-64C6-44CE-8039-D930775C532A}.Release|x86.ActiveCfg = Release|Any CPU
		{46E92994-64C6-44CE-8039-D930775C532A}.Release|x86.Build.0 = Release|Any CPU
		{A4BD890A-5959-4A9E-9FCA-CDCCE27B8662}.Debug|Any CPU.ActiveCfg = Debug|Any CPU
		{A4BD890A-5959-4A9E-9FCA-CDCCE27B8662}.Debug|Any CPU.Build.0 = Debug|Any CPU
		{A4BD890A-5959-4A9E-9FCA-CDCCE27B8662}.Debug|x64.ActiveCfg = Debug|Any CPU
		{A4BD890A-5959-4A9E-9FCA-CDCCE27B8662}.Debug|x64.Build.0 = Debug|Any CPU
		{A4BD890A-5959-4A9E-9FCA-CDCCE27B8662}.Debug|x86.ActiveCfg = Debug|Any CPU
		{A4BD890A-5959-4A9E-9FCA-CDCCE27B8662}.Debug|x86.Build.0 = Debug|Any CPU
		{A4BD890A-5959-4A9E-9FCA-CDCCE27B8662}.Release|Any CPU.ActiveCfg = Release|Any CPU
		{A4BD890A-5959-4A9E-9FCA-CDCCE27B8662}.Release|Any CPU.Build.0 = Release|Any CPU
		{A4BD890A-5959-4A9E-9FCA-CDCCE27B8662}.Release|x64.ActiveCfg = Release|Any CPU
		{A4BD890A-5959-4A9E-9FCA-CDCCE27B8662}.Release|x64.Build.0 = Release|Any CPU
		{A4BD890A-5959-4A9E-9FCA-CDCCE27B8662}.Release|x86.ActiveCfg = Release|Any CPU
		{A4BD890A-5959-4A9E-9FCA-CDCCE27B8662}.Release|x86.Build.0 = Release|Any CPU
		{B97069B6-71A8-4D42-87E7-178396E4749F}.Debug|Any CPU.ActiveCfg = Debug|Any CPU
		{B97069B6-71A8-4D42-87E7-178396E4749F}.Debug|Any CPU.Build.0 = Debug|Any CPU
		{B97069B6-71A8-4D42-87E7-178396E4749F}.Debug|x64.ActiveCfg = Debug|Any CPU
		{B97069B6-71A8-4D42-87E7-178396E4749F}.Debug|x64.Build.0 = Debug|Any CPU
		{B97069B6-71A8-4D42-87E7-178396E4749F}.Debug|x86.ActiveCfg = Debug|Any CPU
		{B97069B6-71A8-4D42-87E7-178396E4749F}.Debug|x86.Build.0 = Debug|Any CPU
		{B97069B6-71A8-4D42-87E7-178396E4749F}.Release|Any CPU.ActiveCfg = Release|Any CPU
		{B97069B6-71A8-4D42-87E7-178396E4749F}.Release|Any CPU.Build.0 = Release|Any CPU
		{B97069B6-71A8-4D42-87E7-178396E4749F}.Release|x64.ActiveCfg = Release|Any CPU
		{B97069B6-71A8-4D42-87E7-178396E4749F}.Release|x64.Build.0 = Release|Any CPU
		{B97069B6-71A8-4D42-87E7-178396E4749F}.Release|x86.ActiveCfg = Release|Any CPU
		{B97069B6-71A8-4D42-87E7-178396E4749F}.Release|x86.Build.0 = Release|Any CPU
		{334D9DE2-AE31-4C2C-9B8B-F3E1A335C11F}.Debug|Any CPU.ActiveCfg = Debug|Any CPU
		{334D9DE2-AE31-4C2C-9B8B-F3E1A335C11F}.Debug|Any CPU.Build.0 = Debug|Any CPU
		{334D9DE2-AE31-4C2C-9B8B-F3E1A335C11F}.Debug|x64.ActiveCfg = Debug|Any CPU
		{334D9DE2-AE31-4C2C-9B8B-F3E1A335C11F}.Debug|x64.Build.0 = Debug|Any CPU
		{334D9DE2-AE31-4C2C-9B8B-F3E1A335C11F}.Debug|x86.ActiveCfg = Debug|Any CPU
		{334D9DE2-AE31-4C2C-9B8B-F3E1A335C11F}.Debug|x86.Build.0 = Debug|Any CPU
		{334D9DE2-AE31-4C2C-9B8B-F3E1A335C11F}.Release|Any CPU.ActiveCfg = Release|Any CPU
		{334D9DE2-AE31-4C2C-9B8B-F3E1A335C11F}.Release|Any CPU.Build.0 = Release|Any CPU
		{334D9DE2-AE31-4C2C-9B8B-F3E1A335C11F}.Release|x64.ActiveCfg = Release|Any CPU
		{334D9DE2-AE31-4C2C-9B8B-F3E1A335C11F}.Release|x64.Build.0 = Release|Any CPU
		{334D9DE2-AE31-4C2C-9B8B-F3E1A335C11F}.Release|x86.ActiveCfg = Release|Any CPU
		{334D9DE2-AE31-4C2C-9B8B-F3E1A335C11F}.Release|x86.Build.0 = Release|Any CPU
		{15BB9243-9CF1-4B7C-B150-678F7F6BA3C2}.Debug|Any CPU.ActiveCfg = Debug|Any CPU
		{15BB9243-9CF1-4B7C-B150-678F7F6BA3C2}.Debug|Any CPU.Build.0 = Debug|Any CPU
		{15BB9243-9CF1-4B7C-B150-678F7F6BA3C2}.Debug|x64.ActiveCfg = Debug|Any CPU
		{15BB9243-9CF1-4B7C-B150-678F7F6BA3C2}.Debug|x64.Build.0 = Debug|Any CPU
		{15BB9243-9CF1-4B7C-B150-678F7F6BA3C2}.Debug|x86.ActiveCfg = Debug|Any CPU
		{15BB9243-9CF1-4B7C-B150-678F7F6BA3C2}.Debug|x86.Build.0 = Debug|Any CPU
		{15BB9243-9CF1-4B7C-B150-678F7F6BA3C2}.Release|Any CPU.ActiveCfg = Release|Any CPU
		{15BB9243-9CF1-4B7C-B150-678F7F6BA3C2}.Release|Any CPU.Build.0 = Release|Any CPU
		{15BB9243-9CF1-4B7C-B150-678F7F6BA3C2}.Release|x64.ActiveCfg = Release|Any CPU
		{15BB9243-9CF1-4B7C-B150-678F7F6BA3C2}.Release|x64.Build.0 = Release|Any CPU
		{15BB9243-9CF1-4B7C-B150-678F7F6BA3C2}.Release|x86.ActiveCfg = Release|Any CPU
		{15BB9243-9CF1-4B7C-B150-678F7F6BA3C2}.Release|x86.Build.0 = Release|Any CPU
		{AA870A8B-70FA-47F6-8357-70A2E1D25A15}.Debug|Any CPU.ActiveCfg = Debug|Any CPU
		{AA870A8B-70FA-47F6-8357-70A2E1D25A15}.Debug|Any CPU.Build.0 = Debug|Any CPU
		{AA870A8B-70FA-47F6-8357-70A2E1D25A15}.Debug|x64.ActiveCfg = Debug|Any CPU
		{AA870A8B-70FA-47F6-8357-70A2E1D25A15}.Debug|x64.Build.0 = Debug|Any CPU
		{AA870A8B-70FA-47F6-8357-70A2E1D25A15}.Debug|x86.ActiveCfg = Debug|Any CPU
		{AA870A8B-70FA-47F6-8357-70A2E1D25A15}.Debug|x86.Build.0 = Debug|Any CPU
		{AA870A8B-70FA-47F6-8357-70A2E1D25A15}.Release|Any CPU.ActiveCfg = Release|Any CPU
		{AA870A8B-70FA-47F6-8357-70A2E1D25A15}.Release|Any CPU.Build.0 = Release|Any CPU
		{AA870A8B-70FA-47F6-8357-70A2E1D25A15}.Release|x64.ActiveCfg = Release|Any CPU
		{AA870A8B-70FA-47F6-8357-70A2E1D25A15}.Release|x64.Build.0 = Release|Any CPU
		{AA870A8B-70FA-47F6-8357-70A2E1D25A15}.Release|x86.ActiveCfg = Release|Any CPU
		{AA870A8B-70FA-47F6-8357-70A2E1D25A15}.Release|x86.Build.0 = Release|Any CPU
		{1644B890-B93E-4137-A98A-CC6DD74BE9EA}.Debug|Any CPU.ActiveCfg = Debug|Any CPU
		{1644B890-B93E-4137-A98A-CC6DD74BE9EA}.Debug|Any CPU.Build.0 = Debug|Any CPU
		{1644B890-B93E-4137-A98A-CC6DD74BE9EA}.Debug|x64.ActiveCfg = Debug|Any CPU
		{1644B890-B93E-4137-A98A-CC6DD74BE9EA}.Debug|x64.Build.0 = Debug|Any CPU
		{1644B890-B93E-4137-A98A-CC6DD74BE9EA}.Debug|x86.ActiveCfg = Debug|Any CPU
		{1644B890-B93E-4137-A98A-CC6DD74BE9EA}.Debug|x86.Build.0 = Debug|Any CPU
		{1644B890-B93E-4137-A98A-CC6DD74BE9EA}.Release|Any CPU.ActiveCfg = Release|Any CPU
		{1644B890-B93E-4137-A98A-CC6DD74BE9EA}.Release|Any CPU.Build.0 = Release|Any CPU
		{1644B890-B93E-4137-A98A-CC6DD74BE9EA}.Release|x64.ActiveCfg = Release|Any CPU
		{1644B890-B93E-4137-A98A-CC6DD74BE9EA}.Release|x64.Build.0 = Release|Any CPU
		{1644B890-B93E-4137-A98A-CC6DD74BE9EA}.Release|x86.ActiveCfg = Release|Any CPU
		{1644B890-B93E-4137-A98A-CC6DD74BE9EA}.Release|x86.Build.0 = Release|Any CPU
		{97F5171D-DF9B-4C2B-B791-1F75A364ED05}.Debug|Any CPU.ActiveCfg = Debug|Any CPU
		{97F5171D-DF9B-4C2B-B791-1F75A364ED05}.Debug|Any CPU.Build.0 = Debug|Any CPU
		{97F5171D-DF9B-4C2B-B791-1F75A364ED05}.Debug|x64.ActiveCfg = Debug|Any CPU
		{97F5171D-DF9B-4C2B-B791-1F75A364ED05}.Debug|x64.Build.0 = Debug|Any CPU
		{97F5171D-DF9B-4C2B-B791-1F75A364ED05}.Debug|x86.ActiveCfg = Debug|Any CPU
		{97F5171D-DF9B-4C2B-B791-1F75A364ED05}.Debug|x86.Build.0 = Debug|Any CPU
		{97F5171D-DF9B-4C2B-B791-1F75A364ED05}.Release|Any CPU.ActiveCfg = Release|Any CPU
		{97F5171D-DF9B-4C2B-B791-1F75A364ED05}.Release|Any CPU.Build.0 = Release|Any CPU
		{97F5171D-DF9B-4C2B-B791-1F75A364ED05}.Release|x64.ActiveCfg = Release|Any CPU
		{97F5171D-DF9B-4C2B-B791-1F75A364ED05}.Release|x64.Build.0 = Release|Any CPU
		{97F5171D-DF9B-4C2B-B791-1F75A364ED05}.Release|x86.ActiveCfg = Release|Any CPU
		{97F5171D-DF9B-4C2B-B791-1F75A364ED05}.Release|x86.Build.0 = Release|Any CPU
		{1452D457-8C24-4BB5-A45E-794F3240212D}.Debug|Any CPU.ActiveCfg = Debug|Any CPU
		{1452D457-8C24-4BB5-A45E-794F3240212D}.Debug|Any CPU.Build.0 = Debug|Any CPU
		{1452D457-8C24-4BB5-A45E-794F3240212D}.Debug|x64.ActiveCfg = Debug|Any CPU
		{1452D457-8C24-4BB5-A45E-794F3240212D}.Debug|x64.Build.0 = Debug|Any CPU
		{1452D457-8C24-4BB5-A45E-794F3240212D}.Debug|x86.ActiveCfg = Debug|Any CPU
		{1452D457-8C24-4BB5-A45E-794F3240212D}.Debug|x86.Build.0 = Debug|Any CPU
		{1452D457-8C24-4BB5-A45E-794F3240212D}.Release|Any CPU.ActiveCfg = Release|Any CPU
		{1452D457-8C24-4BB5-A45E-794F3240212D}.Release|Any CPU.Build.0 = Release|Any CPU
		{1452D457-8C24-4BB5-A45E-794F3240212D}.Release|x64.ActiveCfg = Release|Any CPU
		{1452D457-8C24-4BB5-A45E-794F3240212D}.Release|x64.Build.0 = Release|Any CPU
		{1452D457-8C24-4BB5-A45E-794F3240212D}.Release|x86.ActiveCfg = Release|Any CPU
		{1452D457-8C24-4BB5-A45E-794F3240212D}.Release|x86.Build.0 = Release|Any CPU
		{319846E2-F97B-4547-9134-59B5D7BB9E2D}.Debug|Any CPU.ActiveCfg = Debug|Any CPU
		{319846E2-F97B-4547-9134-59B5D7BB9E2D}.Debug|Any CPU.Build.0 = Debug|Any CPU
		{319846E2-F97B-4547-9134-59B5D7BB9E2D}.Debug|x64.ActiveCfg = Debug|Any CPU
		{319846E2-F97B-4547-9134-59B5D7BB9E2D}.Debug|x64.Build.0 = Debug|Any CPU
		{319846E2-F97B-4547-9134-59B5D7BB9E2D}.Debug|x86.ActiveCfg = Debug|Any CPU
		{319846E2-F97B-4547-9134-59B5D7BB9E2D}.Debug|x86.Build.0 = Debug|Any CPU
		{319846E2-F97B-4547-9134-59B5D7BB9E2D}.Release|Any CPU.ActiveCfg = Release|Any CPU
		{319846E2-F97B-4547-9134-59B5D7BB9E2D}.Release|Any CPU.Build.0 = Release|Any CPU
		{319846E2-F97B-4547-9134-59B5D7BB9E2D}.Release|x64.ActiveCfg = Release|Any CPU
		{319846E2-F97B-4547-9134-59B5D7BB9E2D}.Release|x64.Build.0 = Release|Any CPU
		{319846E2-F97B-4547-9134-59B5D7BB9E2D}.Release|x86.ActiveCfg = Release|Any CPU
		{319846E2-F97B-4547-9134-59B5D7BB9E2D}.Release|x86.Build.0 = Release|Any CPU
	EndGlobalSection
	GlobalSection(SolutionProperties) = preSolution
		HideSolutionNode = FALSE
	EndGlobalSection
	GlobalSection(NestedProjects) = preSolution
		{7B2671B3-E9C5-41AD-BB0C-692238558197} = {3C316ABB-08D5-4450-9A4E-91059DB54254}
		{7FEA2A01-1660-4D18-B05D-83D356FD7828} = {3C316ABB-08D5-4450-9A4E-91059DB54254}
		{9FF9D5FA-1D0C-4743-87E3-CC8C08694CAC} = {3C316ABB-08D5-4450-9A4E-91059DB54254}
		{D43E63EA-2210-471E-BFED-D1D33D196554} = {3C316ABB-08D5-4450-9A4E-91059DB54254}
		{7A49A922-127C-4786-84B7-53E64D816336} = {3C316ABB-08D5-4450-9A4E-91059DB54254}
		{4DEA94AF-D592-4187-8850-A569C93256C9} = {53B1231B-37F5-44BA-80D5-DBA979775F5C}
		{8DB5300A-B38A-4F6D-8FF7-A722DA47667E} = {53B1231B-37F5-44BA-80D5-DBA979775F5C}
		{6050F6A9-F136-4B7B-82D2-57E689463ACA} = {53B1231B-37F5-44BA-80D5-DBA979775F5C}
		{3BB42EB9-A0A3-4E3F-9053-785F429714AE} = {53B1231B-37F5-44BA-80D5-DBA979775F5C}
		{4D5E4789-8437-4F3B-883E-28BBF8A4848F} = {53B1231B-37F5-44BA-80D5-DBA979775F5C}
		{53B1231B-37F5-44BA-80D5-DBA979775F5C} = {16E590D3-DD9F-4B45-BF19-C6E317A57D11}
		{0C0E5A56-AD29-4D0B-AB87-E865F8B933E2} = {ACD16983-F1BD-4A92-B282-95BA8C456F6A}
		{B045C2EC-3ACB-47D3-BE62-7AC334B023D9} = {0C0E5A56-AD29-4D0B-AB87-E865F8B933E2}
		{4F8D14A3-A465-4EC2-B175-A188B113AB99} = {0C0E5A56-AD29-4D0B-AB87-E865F8B933E2}
		{C17A1188-FA69-42BC-92E6-4F91D31B3A58} = {0C0E5A56-AD29-4D0B-AB87-E865F8B933E2}
		{FAFD9E43-508B-4F20-8AA2-8CADA697ED2D} = {C17A1188-FA69-42BC-92E6-4F91D31B3A58}
		{3F057926-562F-4EF4-BFC0-EE62372D4551} = {16E590D3-DD9F-4B45-BF19-C6E317A57D11}
		{3680DAFB-10BA-4A0F-AE40-620D06DAF617} = {3F057926-562F-4EF4-BFC0-EE62372D4551}
		{6BD85BA8-B3C4-4D79-8858-F6D7676FF2CC} = {3C316ABB-08D5-4450-9A4E-91059DB54254}
		{A0D07244-9CB2-4E30-85A5-97D520E4B9CC} = {0C0E5A56-AD29-4D0B-AB87-E865F8B933E2}
		{613C74E8-720C-4205-8BA7-85B23D2E7881} = {3C316ABB-08D5-4450-9A4E-91059DB54254}
		{8B06B1D2-80B9-490C-9A36-C7748F58B705} = {16E590D3-DD9F-4B45-BF19-C6E317A57D11}
		{F72DCA2D-0349-42F9-9614-92A38D4B1EA4} = {8B06B1D2-80B9-490C-9A36-C7748F58B705}
		{D1B39EFF-99E7-41B9-9DA1-12AF385FFBE8} = {B045C2EC-3ACB-47D3-BE62-7AC334B023D9}
		{94C56402-0557-4941-BEB4-4AA53735CE89} = {C17A1188-FA69-42BC-92E6-4F91D31B3A58}
		{3B057D42-7179-45CE-B813-3D13A658B43C} = {94C56402-0557-4941-BEB4-4AA53735CE89}
		{CA023F42-0264-4E00-9814-76A48A811136} = {94C56402-0557-4941-BEB4-4AA53735CE89}
		{2C55920F-0BCB-4C64-A1E6-56053F080806} = {C17A1188-FA69-42BC-92E6-4F91D31B3A58}
		{FBD8915E-DFE2-4C16-8B47-64383AB0719D} = {2C55920F-0BCB-4C64-A1E6-56053F080806}
		{DB498346-5F46-49FC-B2E9-8239C56791FF} = {2C55920F-0BCB-4C64-A1E6-56053F080806}
		{DBBB9C44-F4E8-4A1B-8D00-5CACE81B8BE0} = {2C55920F-0BCB-4C64-A1E6-56053F080806}
		{42A27269-5C57-49E8-9AF0-F162807D7A95} = {2C55920F-0BCB-4C64-A1E6-56053F080806}
		{7675431D-8D8A-4148-AFA1-C4C17D71891B} = {2C55920F-0BCB-4C64-A1E6-56053F080806}
		{FC005908-27A7-4BDA-BD2A-B749A09727E0} = {2C55920F-0BCB-4C64-A1E6-56053F080806}
		{4DC31AC0-D305-4718-8FE1-C023AF6A7CA6} = {B045C2EC-3ACB-47D3-BE62-7AC334B023D9}
		{D93CA337-37D5-4A42-86B5-0A2410594A7A} = {0C0E5A56-AD29-4D0B-AB87-E865F8B933E2}
		{70B56088-6D3A-481E-9459-79AC6B16FEC1} = {D93CA337-37D5-4A42-86B5-0A2410594A7A}
		{788FADE4-342D-4919-8E5C-10CA8EDBE954} = {70B56088-6D3A-481E-9459-79AC6B16FEC1}
		{8CF6FEA4-624C-4EC9-93D6-EB7626059D7C} = {3C316ABB-08D5-4450-9A4E-91059DB54254}
		{EADCD78B-04D5-4FE3-855C-E3015531EC8E} = {02EA681E-C7D8-13C7-8484-4AC65E1B71E8}
		{B7C4D2E1-5A6F-4B8A-9C3D-1E2F4A5B6C7D} = {02EA681E-C7D8-13C7-8484-4AC65E1B71E8}
		{9450EAC6-1F33-4BE1-89E3-0275885FE3EE} = {3C316ABB-08D5-4450-9A4E-91059DB54254}
		{7E8A2D6B-3F4C-4E5F-9A6B-1C2D3E4F5A6B} = {16E590D3-DD9F-4B45-BF19-C6E317A57D11}
		{E6449D94-C33A-41CE-9047-7298CF20C311} = {7E8A2D6B-3F4C-4E5F-9A6B-1C2D3E4F5A6B}
		{45774AE5-23DB-424B-8E2A-B355ADEFB777} = {7E8A2D6B-3F4C-4E5F-9A6B-1C2D3E4F5A6B}
		{BEF177F3-99E7-4649-86AB-B4235B9A95ED} = {7E8A2D6B-3F4C-4E5F-9A6B-1C2D3E4F5A6B}
		{7C2AB7E7-F58B-4F96-BDFB-05E403BD999B} = {7E8A2D6B-3F4C-4E5F-9A6B-1C2D3E4F5A6B}
		{4E7353D5-5F1C-43A1-B792-6CD1D5DBDB91} = {7E8A2D6B-3F4C-4E5F-9A6B-1C2D3E4F5A6B}
		{A6BC3F8B-CAB8-4F3B-BD89-B7428697DE61} = {7E8A2D6B-3F4C-4E5F-9A6B-1C2D3E4F5A6B}
		{52245330-641B-4E14-823A-10B3D9105D58} = {7E8A2D6B-3F4C-4E5F-9A6B-1C2D3E4F5A6B}
		{697F6057-DBDC-40B9-A7E5-02F295BC18B3} = {53B1231B-37F5-44BA-80D5-DBA979775F5C}
		{4BE18EDC-02ED-47E2-A23A-3F6650ADAF0A} = {3F057926-562F-4EF4-BFC0-EE62372D4551}
		{3FE25467-CBC6-438F-BB96-6601AF56E937} = {8B06B1D2-80B9-490C-9A36-C7748F58B705}
		{8336763E-26CE-4598-8438-26C7FFD60A2E} = {53B1231B-37F5-44BA-80D5-DBA979775F5C}
		{B03AA3FE-4716-482C-8880-7BF3D9682A9F} = {53B1231B-37F5-44BA-80D5-DBA979775F5C}
		{09F90296-A229-4CA2-8635-15B5893FE2EA} = {53B1231B-37F5-44BA-80D5-DBA979775F5C}
		{C4C9EA32-AF10-4D03-9907-8EA9EA06EBFB} = {7E8A2D6B-3F4C-4E5F-9A6B-1C2D3E4F5A6B}
		{FEC00EBD-6A64-4280-B0F7-1EC5321C294A} = {53B1231B-37F5-44BA-80D5-DBA979775F5C}
		{16F65859-93AB-499F-A0BE-9EC05E20435F} = {7E8A2D6B-3F4C-4E5F-9A6B-1C2D3E4F5A6B}
		{A5E8D4C1-2B3C-4D5E-8F6A-7B8C9D0E1F20} = {53B1231B-37F5-44BA-80D5-DBA979775F5C}
		{B6F9E5D2-3C4D-5E6F-9A7B-8C9D0E1F2A31} = {7E8A2D6B-3F4C-4E5F-9A6B-1C2D3E4F5A6B}
		{65AA7896-2DE2-4F07-A1B2-C1E1774521C2} = {7E8A2D6B-3F4C-4E5F-9A6B-1C2D3E4F5A6B}
		{2872042D-061F-4C76-8017-0A518A7E28A7} = {0C0E5A56-AD29-4D0B-AB87-E865F8B933E2}
		{EBE84E94-60C3-4D04-8802-F81ACA74DE21} = {02EA681E-C7D8-13C7-8484-4AC65E1B71E8}
		{46E92994-64C6-44CE-8039-D930775C532A} = {02EA681E-C7D8-13C7-8484-4AC65E1B71E8}
		{A4BD890A-5959-4A9E-9FCA-CDCCE27B8662} = {53B1231B-37F5-44BA-80D5-DBA979775F5C}
		{B97069B6-71A8-4D42-87E7-178396E4749F} = {53B1231B-37F5-44BA-80D5-DBA979775F5C}
		{334D9DE2-AE31-4C2C-9B8B-F3E1A335C11F} = {7E8A2D6B-3F4C-4E5F-9A6B-1C2D3E4F5A6B}
		{15BB9243-9CF1-4B7C-B150-678F7F6BA3C2} = {7E8A2D6B-3F4C-4E5F-9A6B-1C2D3E4F5A6B}
		{AA870A8B-70FA-47F6-8357-70A2E1D25A15} = {3F057926-562F-4EF4-BFC0-EE62372D4551}
		{1644B890-B93E-4137-A98A-CC6DD74BE9EA} = {3F057926-562F-4EF4-BFC0-EE62372D4551}
		{97F5171D-DF9B-4C2B-B791-1F75A364ED05} = {3F057926-562F-4EF4-BFC0-EE62372D4551}
		{1452D457-8C24-4BB5-A45E-794F3240212D} = {3F057926-562F-4EF4-BFC0-EE62372D4551}
		{319846E2-F97B-4547-9134-59B5D7BB9E2D} = {3F057926-562F-4EF4-BFC0-EE62372D4551}
	EndGlobalSection
	GlobalSection(ExtensibilityGlobals) = postSolution
		SolutionGuid = {4A55A28E-C657-4A0B-95EA-2931AE66004E}
	EndGlobalSection
EndGlobal
